// !$*UTF8*$!
{
	archiveVersion = 1;
	classes = {
	};
	objectVersion = 56;
	objects = {

/* Begin PBXBuildFile section */
		63310DE5291B7533003ACBF3 /* FructusApp.swift in Sources */ = {isa = PBXBuildFile; fileRef = 63310DE4291B7533003ACBF3 /* FructusApp.swift */; };
		63310DE7291B7533003ACBF3 /* ContentView.swift in Sources */ = {isa = PBXBuildFile; fileRef = 63310DE6291B7533003ACBF3 /* ContentView.swift */; };
		63310DE9291B7535003ACBF3 /* Assets.xcassets in Resources */ = {isa = PBXBuildFile; fileRef = 63310DE8291B7535003ACBF3 /* Assets.xcassets */; };
		63310DEC291B7535003ACBF3 /* Preview Assets.xcassets in Resources */ = {isa = PBXBuildFile; fileRef = 63310DEB291B7535003ACBF3 /* Preview Assets.xcassets */; };
		63310DF5291B7954003ACBF3 /* FruitCardView.swift in Sources */ = {isa = PBXBuildFile; fileRef = 63310DF4291B7954003ACBF3 /* FruitCardView.swift */; };
		63310DF7291B7D2E003ACBF3 /* StartButtonView.swift in Sources */ = {isa = PBXBuildFile; fileRef = 63310DF6291B7D2E003ACBF3 /* StartButtonView.swift */; };
		63310DFA291B804F003ACBF3 /* OnboardingView.swift in Sources */ = {isa = PBXBuildFile; fileRef = 63310DF9291B804F003ACBF3 /* OnboardingView.swift */; };
		63310DFE291B9A98003ACBF3 /* FruitModel.swift in Sources */ = {isa = PBXBuildFile; fileRef = 63310DFD291B9A98003ACBF3 /* FruitModel.swift */; };
		63310E00291B9B15003ACBF3 /* FruitData.swift in Sources */ = {isa = PBXBuildFile; fileRef = 63310DFF291B9B15003ACBF3 /* FruitData.swift */; };
		63310E02291BC61D003ACBF3 /* FruitRowView.swift in Sources */ = {isa = PBXBuildFile; fileRef = 63310E01291BC61D003ACBF3 /* FruitRowView.swift */; };
		63E2982A291CE6B000385708 /* FruitDetailView.swift in Sources */ = {isa = PBXBuildFile; fileRef = 63E29829291CE6AF00385708 /* FruitDetailView.swift */; };
		63E2982C291CEBC800385708 /* FruitHeaderView.swift in Sources */ = {isa = PBXBuildFile; fileRef = 63E2982B291CEBC800385708 /* FruitHeaderView.swift */; };
		63E2982E291CEDE300385708 /* SourceLinkView.swift in Sources */ = {isa = PBXBuildFile; fileRef = 63E2982D291CEDE300385708 /* SourceLinkView.swift */; };
		63E29830291CEFD400385708 /* FruitNutrientsView.swift in Sources */ = {isa = PBXBuildFile; fileRef = 63E2982F291CEFD400385708 /* FruitNutrientsView.swift */; };
		63E29832291CF38500385708 /* SettingsView.swift in Sources */ = {isa = PBXBuildFile; fileRef = 63E29831291CF38500385708 /* SettingsView.swift */; };
		63E29834291D2C0C00385708 /* SettingLabelView.swift in Sources */ = {isa = PBXBuildFile; fileRef = 63E29833291D2C0C00385708 /* SettingLabelView.swift */; };
		63E29836291D2F0600385708 /* SettingsRowView.swift in Sources */ = {isa = PBXBuildFile; fileRef = 63E29835291D2F0600385708 /* SettingsRowView.swift */; };
/* End PBXBuildFile section */

/* Begin PBXFileReference section */
		63310DE1291B7533003ACBF3 /* Fructus.app */ = {isa = PBXFileReference; explicitFileType = wrapper.application; includeInIndex = 0; path = Fructus.app; sourceTree = BUILT_PRODUCTS_DIR; };
		63310DE4291B7533003ACBF3 /* FructusApp.swift */ = {isa = PBXFileReference; lastKnownFileType = sourcecode.swift; path = FructusApp.swift; sourceTree = "<group>"; };
		63310DE6291B7533003ACBF3 /* ContentView.swift */ = {isa = PBXFileReference; lastKnownFileType = sourcecode.swift; path = ContentView.swift; sourceTree = "<group>"; };
		63310DE8291B7535003ACBF3 /* Assets.xcassets */ = {isa = PBXFileReference; lastKnownFileType = folder.assetcatalog; path = Assets.xcassets; sourceTree = "<group>"; };
		63310DEB291B7535003ACBF3 /* Preview Assets.xcassets */ = {isa = PBXFileReference; lastKnownFileType = folder.assetcatalog; path = "Preview Assets.xcassets"; sourceTree = "<group>"; };
		63310DF4291B7954003ACBF3 /* FruitCardView.swift */ = {isa = PBXFileReference; lastKnownFileType = sourcecode.swift; path = FruitCardView.swift; sourceTree = "<group>"; };
		63310DF6291B7D2E003ACBF3 /* StartButtonView.swift */ = {isa = PBXFileReference; lastKnownFileType = sourcecode.swift; path = StartButtonView.swift; sourceTree = "<group>"; };
		63310DF9291B804F003ACBF3 /* OnboardingView.swift */ = {isa = PBXFileReference; lastKnownFileType = sourcecode.swift; path = OnboardingView.swift; sourceTree = "<group>"; };
		63310DFD291B9A98003ACBF3 /* FruitModel.swift */ = {isa = PBXFileReference; lastKnownFileType = sourcecode.swift; path = FruitModel.swift; sourceTree = "<group>"; };
		63310DFF291B9B15003ACBF3 /* FruitData.swift */ = {isa = PBXFileReference; lastKnownFileType = sourcecode.swift; path = FruitData.swift; sourceTree = "<group>"; };
		63310E01291BC61D003ACBF3 /* FruitRowView.swift */ = {isa = PBXFileReference; lastKnownFileType = sourcecode.swift; path = FruitRowView.swift; sourceTree = "<group>"; };
		63E29829291CE6AF00385708 /* FruitDetailView.swift */ = {isa = PBXFileReference; lastKnownFileType = sourcecode.swift; path = FruitDetailView.swift; sourceTree = "<group>"; };
		63E2982B291CEBC800385708 /* FruitHeaderView.swift */ = {isa = PBXFileReference; lastKnownFileType = sourcecode.swift; path = FruitHeaderView.swift; sourceTree = "<group>"; };
		63E2982D291CEDE300385708 /* SourceLinkView.swift */ = {isa = PBXFileReference; lastKnownFileType = sourcecode.swift; path = SourceLinkView.swift; sourceTree = "<group>"; };
		63E2982F291CEFD400385708 /* FruitNutrientsView.swift */ = {isa = PBXFileReference; lastKnownFileType = sourcecode.swift; path = FruitNutrientsView.swift; sourceTree = "<group>"; };
		63E29831291CF38500385708 /* SettingsView.swift */ = {isa = PBXFileReference; lastKnownFileType = sourcecode.swift; path = SettingsView.swift; sourceTree = "<group>"; };
		63E29833291D2C0C00385708 /* SettingLabelView.swift */ = {isa = PBXFileReference; lastKnownFileType = sourcecode.swift; path = SettingLabelView.swift; sourceTree = "<group>"; };
		63E29835291D2F0600385708 /* SettingsRowView.swift */ = {isa = PBXFileReference; lastKnownFileType = sourcecode.swift; name = SettingsRowView.swift; path = Fructus/App/SettingsRowView.swift; sourceTree = SOURCE_ROOT; };
/* End PBXFileReference section */

/* Begin PBXFrameworksBuildPhase section */
		63310DDE291B7533003ACBF3 /* Frameworks */ = {
			isa = PBXFrameworksBuildPhase;
			buildActionMask = 2147483647;
			files = (
			);
			runOnlyForDeploymentPostprocessing = 0;
		};
/* End PBXFrameworksBuildPhase section */

/* Begin PBXGroup section */
		63310DD8291B7533003ACBF3 = {
			isa = PBXGroup;
			children = (
				63310DE3291B7533003ACBF3 /* Fructus */,
				63310DE2291B7533003ACBF3 /* Products */,
			);
			sourceTree = "<group>";
		};
		63310DE2291B7533003ACBF3 /* Products */ = {
			isa = PBXGroup;
			children = (
				63310DE1291B7533003ACBF3 /* Fructus.app */,
			);
			name = Products;
			sourceTree = "<group>";
		};
		63310DE3291B7533003ACBF3 /* Fructus */ = {
			isa = PBXGroup;
			children = (
				63310DFC291B9A7D003ACBF3 /* Data */,
				63310DFB291B9A77003ACBF3 /* Model */,
				63310DF3291B7926003ACBF3 /* View */,
				63310DF2291B78FC003ACBF3 /* App */,
				63310DE8291B7535003ACBF3 /* Assets.xcassets */,
				63310DEA291B7535003ACBF3 /* Preview Content */,
			);
			path = Fructus;
			sourceTree = "<group>";
		};
		63310DEA291B7535003ACBF3 /* Preview Content */ = {
			isa = PBXGroup;
			children = (
				63310DEB291B7535003ACBF3 /* Preview Assets.xcassets */,
			);
			path = "Preview Content";
			sourceTree = "<group>";
		};
		63310DF2291B78FC003ACBF3 /* App */ = {
			isa = PBXGroup;
			children = (
				63310DE4291B7533003ACBF3 /* FructusApp.swift */,
				63310DE6291B7533003ACBF3 /* ContentView.swift */,
				63310DF9291B804F003ACBF3 /* OnboardingView.swift */,
				63E29829291CE6AF00385708 /* FruitDetailView.swift */,
				63E29831291CF38500385708 /* SettingsView.swift */,
			);
			path = App;
			sourceTree = "<group>";
		};
		63310DF3291B7926003ACBF3 /* View */ = {
			isa = PBXGroup;
			children = (
				63E29835291D2F0600385708 /* SettingsRowView.swift */,
				63310DF4291B7954003ACBF3 /* FruitCardView.swift */,
				63310DF6291B7D2E003ACBF3 /* StartButtonView.swift */,
				63310E01291BC61D003ACBF3 /* FruitRowView.swift */,
				63E2982B291CEBC800385708 /* FruitHeaderView.swift */,
				63E2982D291CEDE300385708 /* SourceLinkView.swift */,
				63E2982F291CEFD400385708 /* FruitNutrientsView.swift */,
				63E29833291D2C0C00385708 /* SettingLabelView.swift */,
			);
			path = View;
			sourceTree = "<group>";
		};
		63310DFB291B9A77003ACBF3 /* Model */ = {
			isa = PBXGroup;
			children = (
				63310DFD291B9A98003ACBF3 /* FruitModel.swift */,
			);
			path = Model;
			sourceTree = "<group>";
		};
		63310DFC291B9A7D003ACBF3 /* Data */ = {
			isa = PBXGroup;
			children = (
				63310DFF291B9B15003ACBF3 /* FruitData.swift */,
			);
			path = Data;
			sourceTree = "<group>";
		};
/* End PBXGroup section */

/* Begin PBXNativeTarget section */
		63310DE0291B7533003ACBF3 /* Fructus */ = {
			isa = PBXNativeTarget;
			buildConfigurationList = 63310DEF291B7535003ACBF3 /* Build configuration list for PBXNativeTarget "Fructus" */;
			buildPhases = (
				63310DDD291B7533003ACBF3 /* Sources */,
				63310DDE291B7533003ACBF3 /* Frameworks */,
				63310DDF291B7533003ACBF3 /* Resources */,
			);
			buildRules = (
			);
			dependencies = (
			);
			name = Fructus;
			productName = Fructus;
			productReference = 63310DE1291B7533003ACBF3 /* Fructus.app */;
			productType = "com.apple.product-type.application";
		};
/* End PBXNativeTarget section */

/* Begin PBXProject section */
		63310DD9291B7533003ACBF3 /* Project object */ = {
			isa = PBXProject;
			attributes = {
				BuildIndependentTargetsInParallel = 1;
				LastSwiftUpdateCheck = 1410;
				LastUpgradeCheck = 1410;
				TargetAttributes = {
					63310DE0291B7533003ACBF3 = {
						CreatedOnToolsVersion = 14.1;
					};
				};
			};
			buildConfigurationList = 63310DDC291B7533003ACBF3 /* Build configuration list for PBXProject "Fructus" */;
			compatibilityVersion = "Xcode 14.0";
			developmentRegion = en;
			hasScannedForEncodings = 0;
			knownRegions = (
				en,
				Base,
			);
			mainGroup = 63310DD8291B7533003ACBF3;
			productRefGroup = 63310DE2291B7533003ACBF3 /* Products */;
			projectDirPath = "";
			projectRoot = "";
			targets = (
				63310DE0291B7533003ACBF3 /* Fructus */,
			);
		};
/* End PBXProject section */

/* Begin PBXResourcesBuildPhase section */
		63310DDF291B7533003ACBF3 /* Resources */ = {
			isa = PBXResourcesBuildPhase;
			buildActionMask = 2147483647;
			files = (
				63310DEC291B7535003ACBF3 /* Preview Assets.xcassets in Resources */,
				63310DE9291B7535003ACBF3 /* Assets.xcassets in Resources */,
			);
			runOnlyForDeploymentPostprocessing = 0;
		};
/* End PBXResourcesBuildPhase section */

/* Begin PBXSourcesBuildPhase section */
		63310DDD291B7533003ACBF3 /* Sources */ = {
			isa = PBXSourcesBuildPhase;
			buildActionMask = 2147483647;
			files = (
				63E29834291D2C0C00385708 /* SettingLabelView.swift in Sources */,
				63310E00291B9B15003ACBF3 /* FruitData.swift in Sources */,
				63E29836291D2F0600385708 /* SettingsRowView.swift in Sources */,
				63E2982E291CEDE300385708 /* SourceLinkView.swift in Sources */,
				63310DF5291B7954003ACBF3 /* FruitCardView.swift in Sources */,
				63310E02291BC61D003ACBF3 /* FruitRowView.swift in Sources */,
				63E29830291CEFD400385708 /* FruitNutrientsView.swift in Sources */,
				63310DF7291B7D2E003ACBF3 /* StartButtonView.swift in Sources */,
				63E2982A291CE6B000385708 /* FruitDetailView.swift in Sources */,
				63310DE7291B7533003ACBF3 /* ContentView.swift in Sources */,
				63E2982C291CEBC800385708 /* FruitHeaderView.swift in Sources */,
				63310DFA291B804F003ACBF3 /* OnboardingView.swift in Sources */,
				63310DFE291B9A98003ACBF3 /* FruitModel.swift in Sources */,
				63310DE5291B7533003ACBF3 /* FructusApp.swift in Sources */,
				63E29832291CF38500385708 /* SettingsView.swift in Sources */,
			);
			runOnlyForDeploymentPostprocessing = 0;
		};
/* End PBXSourcesBuildPhase section */

/* Begin XCBuildConfiguration section */
		63310DED291B7535003ACBF3 /* Debug */ = {
			isa = XCBuildConfiguration;
			buildSettings = {
				ALWAYS_SEARCH_USER_PATHS = NO;
				CLANG_ANALYZER_NONNULL = YES;
				CLANG_ANALYZER_NUMBER_OBJECT_CONVERSION = YES_AGGRESSIVE;
				CLANG_CXX_LANGUAGE_STANDARD = "gnu++20";
				CLANG_ENABLE_MODULES = YES;
				CLANG_ENABLE_OBJC_ARC = YES;
				CLANG_ENABLE_OBJC_WEAK = YES;
				CLANG_WARN_BLOCK_CAPTURE_AUTORELEASING = YES;
				CLANG_WARN_BOOL_CONVERSION = YES;
				CLANG_WARN_COMMA = YES;
				CLANG_WARN_CONSTANT_CONVERSION = YES;
				CLANG_WARN_DEPRECATED_OBJC_IMPLEMENTATIONS = YES;
				CLANG_WARN_DIRECT_OBJC_ISA_USAGE = YES_ERROR;
				CLANG_WARN_DOCUMENTATION_COMMENTS = YES;
				CLANG_WARN_EMPTY_BODY = YES;
				CLANG_WARN_ENUM_CONVERSION = YES;
				CLANG_WARN_INFINITE_RECURSION = YES;
				CLANG_WARN_INT_CONVERSION = YES;
				CLANG_WARN_NON_LITERAL_NULL_CONVERSION = YES;
				CLANG_WARN_OBJC_IMPLICIT_RETAIN_SELF = YES;
				CLANG_WARN_OBJC_LITERAL_CONVERSION = YES;
				CLANG_WARN_OBJC_ROOT_CLASS = YES_ERROR;
				CLANG_WARN_QUOTED_INCLUDE_IN_FRAMEWORK_HEADER = YES;
				CLANG_WARN_RANGE_LOOP_ANALYSIS = YES;
				CLANG_WARN_STRICT_PROTOTYPES = YES;
				CLANG_WARN_SUSPICIOUS_MOVE = YES;
				CLANG_WARN_UNGUARDED_AVAILABILITY = YES_AGGRESSIVE;
				CLANG_WARN_UNREACHABLE_CODE = YES;
				CLANG_WARN__DUPLICATE_METHOD_MATCH = YES;
				COPY_PHASE_STRIP = NO;
				DEBUG_INFORMATION_FORMAT = dwarf;
				ENABLE_STRICT_OBJC_MSGSEND = YES;
				ENABLE_TESTABILITY = YES;
				GCC_C_LANGUAGE_STANDARD = gnu11;
				GCC_DYNAMIC_NO_PIC = NO;
				GCC_NO_COMMON_BLOCKS = YES;
				GCC_OPTIMIZATION_LEVEL = 0;
				GCC_PREPROCESSOR_DEFINITIONS = (
					"DEBUG=1",
					"$(inherited)",
				);
				GCC_WARN_64_TO_32_BIT_CONVERSION = YES;
				GCC_WARN_ABOUT_RETURN_TYPE = YES_ERROR;
				GCC_WARN_UNDECLARED_SELECTOR = YES;
				GCC_WARN_UNINITIALIZED_AUTOS = YES_AGGRESSIVE;
				GCC_WARN_UNUSED_FUNCTION = YES;
				GCC_WARN_UNUSED_VARIABLE = YES;
				IPHONEOS_DEPLOYMENT_TARGET = 16.1;
				MTL_ENABLE_DEBUG_INFO = INCLUDE_SOURCE;
				MTL_FAST_MATH = YES;
				ONLY_ACTIVE_ARCH = YES;
				SDKROOT = iphoneos;
				SWIFT_ACTIVE_COMPILATION_CONDITIONS = DEBUG;
				SWIFT_OPTIMIZATION_LEVEL = "-Onone";
			};
			name = Debug;
		};
		63310DEE291B7535003ACBF3 /* Release */ = {
			isa = XCBuildConfiguration;
			buildSettings = {
				ALWAYS_SEARCH_USER_PATHS = NO;
				CLANG_ANALYZER_NONNULL = YES;
				CLANG_ANALYZER_NUMBER_OBJECT_CONVERSION = YES_AGGRESSIVE;
				CLANG_CXX_LANGUAGE_STANDARD = "gnu++20";
				CLANG_ENABLE_MODULES = YES;
				CLANG_ENABLE_OBJC_ARC = YES;
				CLANG_ENABLE_OBJC_WEAK = YES;
				CLANG_WARN_BLOCK_CAPTURE_AUTORELEASING = YES;
				CLANG_WARN_BOOL_CONVERSION = YES;
				CLANG_WARN_COMMA = YES;
				CLANG_WARN_CONSTANT_CONVERSION = YES;
				CLANG_WARN_DEPRECATED_OBJC_IMPLEMENTATIONS = YES;
				CLANG_WARN_DIRECT_OBJC_ISA_USAGE = YES_ERROR;
				CLANG_WARN_DOCUMENTATION_COMMENTS = YES;
				CLANG_WARN_EMPTY_BODY = YES;
				CLANG_WARN_ENUM_CONVERSION = YES;
				CLANG_WARN_INFINITE_RECURSION = YES;
				CLANG_WARN_INT_CONVERSION = YES;
				CLANG_WARN_NON_LITERAL_NULL_CONVERSION = YES;
				CLANG_WARN_OBJC_IMPLICIT_RETAIN_SELF = YES;
				CLANG_WARN_OBJC_LITERAL_CONVERSION = YES;
				CLANG_WARN_OBJC_ROOT_CLASS = YES_ERROR;
				CLANG_WARN_QUOTED_INCLUDE_IN_FRAMEWORK_HEADER = YES;
				CLANG_WARN_RANGE_LOOP_ANALYSIS = YES;
				CLANG_WARN_STRICT_PROTOTYPES = YES;
				CLANG_WARN_SUSPICIOUS_MOVE = YES;
				CLANG_WARN_UNGUARDED_AVAILABILITY = YES_AGGRESSIVE;
				CLANG_WARN_UNREACHABLE_CODE = YES;
				CLANG_WARN__DUPLICATE_METHOD_MATCH = YES;
				COPY_PHASE_STRIP = NO;
				DEBUG_INFORMATION_FORMAT = "dwarf-with-dsym";
				ENABLE_NS_ASSERTIONS = NO;
				ENABLE_STRICT_OBJC_MSGSEND = YES;
				GCC_C_LANGUAGE_STANDARD = gnu11;
				GCC_NO_COMMON_BLOCKS = YES;
				GCC_WARN_64_TO_32_BIT_CONVERSION = YES;
				GCC_WARN_ABOUT_RETURN_TYPE = YES_ERROR;
				GCC_WARN_UNDECLARED_SELECTOR = YES;
				GCC_WARN_UNINITIALIZED_AUTOS = YES_AGGRESSIVE;
				GCC_WARN_UNUSED_FUNCTION = YES;
				GCC_WARN_UNUSED_VARIABLE = YES;
				IPHONEOS_DEPLOYMENT_TARGET = 16.1;
				MTL_ENABLE_DEBUG_INFO = NO;
				MTL_FAST_MATH = YES;
				SDKROOT = iphoneos;
				SWIFT_COMPILATION_MODE = wholemodule;
				SWIFT_OPTIMIZATION_LEVEL = "-O";
				VALIDATE_PRODUCT = YES;
			};
			name = Release;
		};
		63310DF0291B7535003ACBF3 /* Debug */ = {
			isa = XCBuildConfiguration;
			buildSettings = {
				ASSETCATALOG_COMPILER_APPICON_NAME = AppIcon;
				ASSETCATALOG_COMPILER_GLOBAL_ACCENT_COLOR_NAME = AccentColor;
				CODE_SIGN_STYLE = Automatic;
				CURRENT_PROJECT_VERSION = 1;
				DEVELOPMENT_ASSET_PATHS = "\"Fructus/Preview Content\"";
				DEVELOPMENT_TEAM = C33N6HTS9N;
				ENABLE_PREVIEWS = YES;
				GENERATE_INFOPLIST_FILE = YES;
				INFOPLIST_KEY_UIApplicationSceneManifest_Generation = YES;
				INFOPLIST_KEY_UIApplicationSupportsIndirectInputEvents = YES;
				INFOPLIST_KEY_UILaunchScreen_Generation = YES;
				INFOPLIST_KEY_UISupportedInterfaceOrientations_iPad = "UIInterfaceOrientationPortrait UIInterfaceOrientationPortraitUpsideDown UIInterfaceOrientationLandscapeLeft UIInterfaceOrientationLandscapeRight";
				INFOPLIST_KEY_UISupportedInterfaceOrientations_iPhone = "UIInterfaceOrientationPortrait UIInterfaceOrientationLandscapeLeft UIInterfaceOrientationLandscapeRight";
				LD_RUNPATH_SEARCH_PATHS = (
					"$(inherited)",
					"@executable_path/Frameworks",
				);
				MARKETING_VERSION = 1.0;
				PRODUCT_BUNDLE_IDENTIFIER = com.DoubleShy0N.Fructus;
				PRODUCT_NAME = "$(TARGET_NAME)";
				SWIFT_EMIT_LOC_STRINGS = YES;
				SWIFT_VERSION = 5.0;
				TARGETED_DEVICE_FAMILY = "1,2";
			};
			name = Debug;
		};
		63310DF1291B7535003ACBF3 /* Release */ = {
			isa = XCBuildConfiguration;
			buildSettings = {
				ASSETCATALOG_COMPILER_APPICON_NAME = AppIcon;
				ASSETCATALOG_COMPILER_GLOBAL_ACCENT_COLOR_NAME = AccentColor;
				CODE_SIGN_STYLE = Automatic;
				CURRENT_PROJECT_VERSION = 1;
				DEVELOPMENT_ASSET_PATHS = "\"Fructus/Preview Content\"";
				DEVELOPMENT_TEAM = C33N6HTS9N;
				ENABLE_PREVIEWS = YES;
				GENERATE_INFOPLIST_FILE = YES;
				INFOPLIST_KEY_UIApplicationSceneManifest_Generation = YES;
				INFOPLIST_KEY_UIApplicationSupportsIndirectInputEvents = YES;
				INFOPLIST_KEY_UILaunchScreen_Generation = YES;
				INFOPLIST_KEY_UISupportedInterfaceOrientations_iPad = "UIInterfaceOrientationPortrait UIInterfaceOrientationPortraitUpsideDown UIInterfaceOrientationLandscapeLeft UIInterfaceOrientationLandscapeRight";
				INFOPLIST_KEY_UISupportedInterfaceOrientations_iPhone = "UIInterfaceOrientationPortrait UIInterfaceOrientationLandscapeLeft UIInterfaceOrientationLandscapeRight";
				LD_RUNPATH_SEARCH_PATHS = (
					"$(inherited)",
					"@executable_path/Frameworks",
				);
				MARKETING_VERSION = 1.0;
				PRODUCT_BUNDLE_IDENTIFIER = com.DoubleShy0N.Fructus;
				PRODUCT_NAME = "$(TARGET_NAME)";
				SWIFT_EMIT_LOC_STRINGS = YES;
				SWIFT_VERSION = 5.0;
				TARGETED_DEVICE_FAMILY = "1,2";
			};
			name = Release;
		};
/* End XCBuildConfiguration section */

/* Begin XCConfigurationList section */
		63310DDC291B7533003ACBF3 /* Build configuration list for PBXProject "Fructus" */ = {
			isa = XCConfigurationList;
			buildConfigurations = (
				63310DED291B7535003ACBF3 /* Debug */,
				63310DEE291B7535003ACBF3 /* Release */,
			);
			defaultConfigurationIsVisible = 0;
			defaultConfigurationName = Release;
		};
		63310DEF291B7535003ACBF3 /* Build configuration list for PBXNativeTarget "Fructus" */ = {
			isa = XCConfigurationList;
			buildConfigurations = (
				63310DF0291B7535003ACBF3 /* Debug */,
				63310DF1291B7535003ACBF3 /* Release */,
			);
			defaultConfigurationIsVisible = 0;
			defaultConfigurationName = Release;
		};
/* End XCConfigurationList section */
	};
	rootObject = 63310DD9291B7533003ACBF3 /* Project object */;
}
