// !$*UTF8*$!
{
	archiveVersion = 1;
	classes = {
	};
	objectVersion = 56;
	objects = {

/* Begin PBXBuildFile section */
		7962F5902952EAE5003B3F6F /* SegmentedControl.swift in Sources */ = {isa = PBXBuildFile; fileRef = 7962F58F2952EAE5003B3F6F /* SegmentedControl.swift */; };
		7962F5922952F319003B3F6F /* ForecastModel.swift in Sources */ = {isa = PBXBuildFile; fileRef = 7962F5912952F319003B3F6F /* ForecastModel.swift */; };
		7962F5962952F71F003B3F6F /* ForecastCard.swift in Sources */ = {isa = PBXBuildFile; fileRef = 7962F5952952F71F003B3F6F /* ForecastCard.swift */; };
		79ABEBA3294EFACC00976C98 /* WeatherApp.swift in Sources */ = {isa = PBXBuildFile; fileRef = 79ABEBA2294EFACC00976C98 /* WeatherApp.swift */; };
		79ABEBA5294EFACC00976C98 /* ContentView.swift in Sources */ = {isa = PBXBuildFile; fileRef = 79ABEBA4294EFACC00976C98 /* ContentView.swift */; };
		79ABEBA7294EFACF00976C98 /* Assets.xcassets in Resources */ = {isa = PBXBuildFile; fileRef = 79ABEBA6294EFACF00976C98 /* Assets.xcassets */; };
		79ABEBAA294EFACF00976C98 /* Preview Assets.xcassets in Resources */ = {isa = PBXBuildFile; fileRef = 79ABEBA9294EFACF00976C98 /* Preview Assets.xcassets */; };
		79ABEBB8294EFCEC00976C98 /* Extensions.swift in Sources */ = {isa = PBXBuildFile; fileRef = 79ABEBB7294EFCEC00976C98 /* Extensions.swift */; };
		79ABEBBA294EFEAF00976C98 /* HomeView.swift in Sources */ = {isa = PBXBuildFile; fileRef = 79ABEBB9294EFEAF00976C98 /* HomeView.swift */; };
		79C485CE29503A330084D1C4 /* TabBar.swift in Sources */ = {isa = PBXBuildFile; fileRef = 79C485CD29503A330084D1C4 /* TabBar.swift */; };
		79C485D0295045DD0084D1C4 /* Shapes.swift in Sources */ = {isa = PBXBuildFile; fileRef = 79C485CF295045DD0084D1C4 /* Shapes.swift */; };
		79C485D329504D830084D1C4 /* BottomSheet in Frameworks */ = {isa = PBXBuildFile; productRef = 79C485D229504D830084D1C4 /* BottomSheet */; };
		79C485D52950507A0084D1C4 /* ForecastView.swift in Sources */ = {isa = PBXBuildFile; fileRef = 79C485D42950507A0084D1C4 /* ForecastView.swift */; };
		79C485D72950565A0084D1C4 /* Blur.swift in Sources */ = {isa = PBXBuildFile; fileRef = 79C485D62950565A0084D1C4 /* Blur.swift */; };
/* End PBXBuildFile section */

/* Begin PBXFileReference section */
		7962F58F2952EAE5003B3F6F /* SegmentedControl.swift */ = {isa = PBXFileReference; lastKnownFileType = sourcecode.swift; path = SegmentedControl.swift; sourceTree = "<group>"; };
		7962F5912952F319003B3F6F /* ForecastModel.swift */ = {isa = PBXFileReference; lastKnownFileType = sourcecode.swift; path = ForecastModel.swift; sourceTree = "<group>"; };
		7962F5952952F71F003B3F6F /* ForecastCard.swift */ = {isa = PBXFileReference; lastKnownFileType = sourcecode.swift; path = ForecastCard.swift; sourceTree = "<group>"; };
		79ABEB9F294EFACC00976C98 /* Weather.app */ = {isa = PBXFileReference; explicitFileType = wrapper.application; includeInIndex = 0; path = Weather.app; sourceTree = BUILT_PRODUCTS_DIR; };
		79ABEBA2294EFACC00976C98 /* WeatherApp.swift */ = {isa = PBXFileReference; lastKnownFileType = sourcecode.swift; path = WeatherApp.swift; sourceTree = "<group>"; };
		79ABEBA4294EFACC00976C98 /* ContentView.swift */ = {isa = PBXFileReference; lastKnownFileType = sourcecode.swift; path = ContentView.swift; sourceTree = "<group>"; };
		79ABEBA6294EFACF00976C98 /* Assets.xcassets */ = {isa = PBXFileReference; lastKnownFileType = folder.assetcatalog; path = Assets.xcassets; sourceTree = "<group>"; };
		79ABEBA9294EFACF00976C98 /* Preview Assets.xcassets */ = {isa = PBXFileReference; lastKnownFileType = folder.assetcatalog; path = "Preview Assets.xcassets"; sourceTree = "<group>"; };
		79ABEBB7294EFCEC00976C98 /* Extensions.swift */ = {isa = PBXFileReference; lastKnownFileType = sourcecode.swift; path = Extensions.swift; sourceTree = "<group>"; };
		79ABEBB9294EFEAF00976C98 /* HomeView.swift */ = {isa = PBXFileReference; lastKnownFileType = sourcecode.swift; path = HomeView.swift; sourceTree = "<group>"; };
		79C485CD29503A330084D1C4 /* TabBar.swift */ = {isa = PBXFileReference; lastKnownFileType = sourcecode.swift; path = TabBar.swift; sourceTree = "<group>"; };
		79C485CF295045DD0084D1C4 /* Shapes.swift */ = {isa = PBXFileReference; lastKnownFileType = sourcecode.swift; path = Shapes.swift; sourceTree = "<group>"; };
		79C485D42950507A0084D1C4 /* ForecastView.swift */ = {isa = PBXFileReference; lastKnownFileType = sourcecode.swift; path = ForecastView.swift; sourceTree = "<group>"; };
		79C485D62950565A0084D1C4 /* Blur.swift */ = {isa = PBXFileReference; lastKnownFileType = sourcecode.swift; path = Blur.swift; sourceTree = "<group>"; };
/* End PBXFileReference section */

/* Begin PBXFrameworksBuildPhase section */
		79ABEB9C294EFACC00976C98 /* Frameworks */ = {
			isa = PBXFrameworksBuildPhase;
			buildActionMask = 2147483647;
			files = (
				79C485D329504D830084D1C4 /* BottomSheet in Frameworks */,
			);
			runOnlyForDeploymentPostprocessing = 0;
		};
/* End PBXFrameworksBuildPhase section */

/* Begin PBXGroup section */
		79ABEB96294EFACC00976C98 = {
			isa = PBXGroup;
			children = (
				79ABEBA1294EFACC00976C98 /* Weather */,
				79ABEBA0294EFACC00976C98 /* Products */,
			);
			sourceTree = "<group>";
		};
		79ABEBA0294EFACC00976C98 /* Products */ = {
			isa = PBXGroup;
			children = (
				79ABEB9F294EFACC00976C98 /* Weather.app */,
			);
			name = Products;
			sourceTree = "<group>";
		};
		79ABEBA1294EFACC00976C98 /* Weather */ = {
			isa = PBXGroup;
			children = (
				79ABEBA2294EFACC00976C98 /* WeatherApp.swift */,
				79ABEBB0294EFBD100976C98 /* Views */,
				79ABEBB1294EFBDC00976C98 /* Models */,
				79ABEBB2294EFBE400976C98 /* Utils */,
				79ABEBA6294EFACF00976C98 /* Assets.xcassets */,
				79ABEBA8294EFACF00976C98 /* Preview Content */,
			);
			path = Weather;
			sourceTree = "<group>";
		};
		79ABEBA8294EFACF00976C98 /* Preview Content */ = {
			isa = PBXGroup;
			children = (
				79ABEBA9294EFACF00976C98 /* Preview Assets.xcassets */,
			);
			path = "Preview Content";
			sourceTree = "<group>";
		};
		79ABEBB0294EFBD100976C98 /* Views */ = {
			isa = PBXGroup;
			children = (
				79ABEBB6294EFC0200976C98 /* Main */,
				79ABEBB5294EFBFD00976C98 /* Navigation */,
				79ABEBB4294EFBF900976C98 /* Detail */,
				79ABEBB3294EFBEE00976C98 /* Components */,
			);
			path = Views;
			sourceTree = "<group>";
		};
		79ABEBB1294EFBDC00976C98 /* Models */ = {
			isa = PBXGroup;
			children = (
				7962F5912952F319003B3F6F /* ForecastModel.swift */,
			);
			path = Models;
			sourceTree = "<group>";
		};
		79ABEBB2294EFBE400976C98 /* Utils */ = {
			isa = PBXGroup;
			children = (
				79ABEBB7294EFCEC00976C98 /* Extensions.swift */,
				79C485CF295045DD0084D1C4 /* Shapes.swift */,
			);
			path = Utils;
			sourceTree = "<group>";
		};
		79ABEBB3294EFBEE00976C98 /* Components */ = {
			isa = PBXGroup;
			children = (
				79C485D62950565A0084D1C4 /* Blur.swift */,
				7962F58F2952EAE5003B3F6F /* SegmentedControl.swift */,
				7962F5952952F71F003B3F6F /* ForecastCard.swift */,
			);
			path = Components;
			sourceTree = "<group>";
		};
		79ABEBB4294EFBF900976C98 /* Detail */ = {
			isa = PBXGroup;
			children = (
				79C485D42950507A0084D1C4 /* ForecastView.swift */,
			);
			path = Detail;
			sourceTree = "<group>";
		};
		79ABEBB5294EFBFD00976C98 /* Navigation */ = {
			isa = PBXGroup;
			children = (
				79C485CD29503A330084D1C4 /* TabBar.swift */,
			);
			path = Navigation;
			sourceTree = "<group>";
		};
		79ABEBB6294EFC0200976C98 /* Main */ = {
			isa = PBXGroup;
			children = (
				79ABEBA4294EFACC00976C98 /* ContentView.swift */,
				79ABEBB9294EFEAF00976C98 /* HomeView.swift */,
			);
			path = Main;
			sourceTree = "<group>";
		};
/* End PBXGroup section */

/* Begin PBXNativeTarget section */
		79ABEB9E294EFACC00976C98 /* Weather */ = {
			isa = PBXNativeTarget;
			buildConfigurationList = 79ABEBAD294EFACF00976C98 /* Build configuration list for PBXNativeTarget "Weather" */;
			buildPhases = (
				79ABEB9B294EFACC00976C98 /* Sources */,
				79ABEB9C294EFACC00976C98 /* Frameworks */,
				79ABEB9D294EFACC00976C98 /* Resources */,
			);
			buildRules = (
			);
			dependencies = (
			);
			name = Weather;
			packageProductDependencies = (
				79C485D229504D830084D1C4 /* BottomSheet */,
			);
			productName = Weather;
			productReference = 79ABEB9F294EFACC00976C98 /* Weather.app */;
			productType = "com.apple.product-type.application";
		};
/* End PBXNativeTarget section */

/* Begin PBXProject section */
		79ABEB97294EFACC00976C98 /* Project object */ = {
			isa = PBXProject;
			attributes = {
				BuildIndependentTargetsInParallel = 1;
				LastSwiftUpdateCheck = 1420;
				LastUpgradeCheck = 1420;
				TargetAttributes = {
					79ABEB9E294EFACC00976C98 = {
						CreatedOnToolsVersion = 14.2;
					};
				};
			};
			buildConfigurationList = 79ABEB9A294EFACC00976C98 /* Build configuration list for PBXProject "Weather" */;
			compatibilityVersion = "Xcode 14.0";
			developmentRegion = en;
			hasScannedForEncodings = 0;
			knownRegions = (
				en,
				Base,
			);
			mainGroup = 79ABEB96294EFACC00976C98;
			packageReferences = (
				79C485D129504D830084D1C4 /* XCRemoteSwiftPackageReference "BottomSheet" */,
			);
			productRefGroup = 79ABEBA0294EFACC00976C98 /* Products */;
			projectDirPath = "";
			projectRoot = "";
			targets = (
				79ABEB9E294EFACC00976C98 /* Weather */,
			);
		};
/* End PBXProject section */

/* Begin PBXResourcesBuildPhase section */
		79ABEB9D294EFACC00976C98 /* Resources */ = {
			isa = PBXResourcesBuildPhase;
			buildActionMask = 2147483647;
			files = (
				79ABEBAA294EFACF00976C98 /* Preview Assets.xcassets in Resources */,
				79ABEBA7294EFACF00976C98 /* Assets.xcassets in Resources */,
			);
			runOnlyForDeploymentPostprocessing = 0;
		};
/* End PBXResourcesBuildPhase section */

/* Begin PBXSourcesBuildPhase section */
		79ABEB9B294EFACC00976C98 /* Sources */ = {
			isa = PBXSourcesBuildPhase;
			buildActionMask = 2147483647;
			files = (
				7962F5962952F71F003B3F6F /* ForecastCard.swift in Sources */,
				79ABEBA5294EFACC00976C98 /* ContentView.swift in Sources */,
				7962F5902952EAE5003B3F6F /* SegmentedControl.swift in Sources */,
				79ABEBBA294EFEAF00976C98 /* HomeView.swift in Sources */,
				79C485D72950565A0084D1C4 /* Blur.swift in Sources */,
				79ABEBB8294EFCEC00976C98 /* Extensions.swift in Sources */,
				79ABEBA3294EFACC00976C98 /* WeatherApp.swift in Sources */,
				79C485D52950507A0084D1C4 /* ForecastView.swift in Sources */,
				79C485CE29503A330084D1C4 /* TabBar.swift in Sources */,
				7962F5922952F319003B3F6F /* ForecastModel.swift in Sources */,
				79C485D0295045DD0084D1C4 /* Shapes.swift in Sources */,
			);
			runOnlyForDeploymentPostprocessing = 0;
		};
/* End PBXSourcesBuildPhase section */

/* Begin XCBuildConfiguration section */
		79ABEBAB294EFACF00976C98 /* Debug */ = {
			isa = XCBuildConfiguration;
			buildSettings = {
				ALWAYS_SEARCH_USER_PATHS = NO;
				CLANG_ANALYZER_NONNULL = YES;
				CLANG_ANALYZER_NUMBER_OBJECT_CONVERSION = YES_AGGRESSIVE;
				CLANG_CXX_LANGUAGE_STANDARD = "gnu++20";
				CLANG_ENABLE_MODULES = YES;
				CLANG_ENABLE_OBJC_ARC = YES;
				CLANG_ENABLE_OBJC_WEAK = YES;
				CLANG_WARN_BLOCK_CAPTURE_AUTORELEASING = YES;
				CLANG_WARN_BOOL_CONVERSION = YES;
				CLANG_WARN_COMMA = YES;
				CLANG_WARN_CONSTANT_CONVERSION = YES;
				CLANG_WARN_DEPRECATED_OBJC_IMPLEMENTATIONS = YES;
				CLANG_WARN_DIRECT_OBJC_ISA_USAGE = YES_ERROR;
				CLANG_WARN_DOCUMENTATION_COMMENTS = YES;
				CLANG_WARN_EMPTY_BODY = YES;
				CLANG_WARN_ENUM_CONVERSION = YES;
				CLANG_WARN_INFINITE_RECURSION = YES;
				CLANG_WARN_INT_CONVERSION = YES;
				CLANG_WARN_NON_LITERAL_NULL_CONVERSION = YES;
				CLANG_WARN_OBJC_IMPLICIT_RETAIN_SELF = YES;
				CLANG_WARN_OBJC_LITERAL_CONVERSION = YES;
				CLANG_WARN_OBJC_ROOT_CLASS = YES_ERROR;
				CLANG_WARN_QUOTED_INCLUDE_IN_FRAMEWORK_HEADER = YES;
				CLANG_WARN_RANGE_LOOP_ANALYSIS = YES;
				CLANG_WARN_STRICT_PROTOTYPES = YES;
				CLANG_WARN_SUSPICIOUS_MOVE = YES;
				CLANG_WARN_UNGUARDED_AVAILABILITY = YES_AGGRESSIVE;
				CLANG_WARN_UNREACHABLE_CODE = YES;
				CLANG_WARN__DUPLICATE_METHOD_MATCH = YES;
				COPY_PHASE_STRIP = NO;
				DEBUG_INFORMATION_FORMAT = dwarf;
				ENABLE_STRICT_OBJC_MSGSEND = YES;
				ENABLE_TESTABILITY = YES;
				GCC_C_LANGUAGE_STANDARD = gnu11;
				GCC_DYNAMIC_NO_PIC = NO;
				GCC_NO_COMMON_BLOCKS = YES;
				GCC_OPTIMIZATION_LEVEL = 0;
				GCC_PREPROCESSOR_DEFINITIONS = (
					"DEBUG=1",
					"$(inherited)",
				);
				GCC_WARN_64_TO_32_BIT_CONVERSION = YES;
				GCC_WARN_ABOUT_RETURN_TYPE = YES_ERROR;
				GCC_WARN_UNDECLARED_SELECTOR = YES;
				GCC_WARN_UNINITIALIZED_AUTOS = YES_AGGRESSIVE;
				GCC_WARN_UNUSED_FUNCTION = YES;
				GCC_WARN_UNUSED_VARIABLE = YES;
				IPHONEOS_DEPLOYMENT_TARGET = 16.2;
				MTL_ENABLE_DEBUG_INFO = INCLUDE_SOURCE;
				MTL_FAST_MATH = YES;
				ONLY_ACTIVE_ARCH = YES;
				SDKROOT = iphoneos;
				SWIFT_ACTIVE_COMPILATION_CONDITIONS = DEBUG;
				SWIFT_OPTIMIZATION_LEVEL = "-Onone";
			};
			name = Debug;
		};
		79ABEBAC294EFACF00976C98 /* Release */ = {
			isa = XCBuildConfiguration;
			buildSettings = {
				ALWAYS_SEARCH_USER_PATHS = NO;
				CLANG_ANALYZER_NONNULL = YES;
				CLANG_ANALYZER_NUMBER_OBJECT_CONVERSION = YES_AGGRESSIVE;
				CLANG_CXX_LANGUAGE_STANDARD = "gnu++20";
				CLANG_ENABLE_MODULES = YES;
				CLANG_ENABLE_OBJC_ARC = YES;
				CLANG_ENABLE_OBJC_WEAK = YES;
				CLANG_WARN_BLOCK_CAPTURE_AUTORELEASING = YES;
				CLANG_WARN_BOOL_CONVERSION = YES;
				CLANG_WARN_COMMA = YES;
				CLANG_WARN_CONSTANT_CONVERSION = YES;
				CLANG_WARN_DEPRECATED_OBJC_IMPLEMENTATIONS = YES;
				CLANG_WARN_DIRECT_OBJC_ISA_USAGE = YES_ERROR;
				CLANG_WARN_DOCUMENTATION_COMMENTS = YES;
				CLANG_WARN_EMPTY_BODY = YES;
				CLANG_WARN_ENUM_CONVERSION = YES;
				CLANG_WARN_INFINITE_RECURSION = YES;
				CLANG_WARN_INT_CONVERSION = YES;
				CLANG_WARN_NON_LITERAL_NULL_CONVERSION = YES;
				CLANG_WARN_OBJC_IMPLICIT_RETAIN_SELF = YES;
				CLANG_WARN_OBJC_LITERAL_CONVERSION = YES;
				CLANG_WARN_OBJC_ROOT_CLASS = YES_ERROR;
				CLANG_WARN_QUOTED_INCLUDE_IN_FRAMEWORK_HEADER = YES;
				CLANG_WARN_RANGE_LOOP_ANALYSIS = YES;
				CLANG_WARN_STRICT_PROTOTYPES = YES;
				CLANG_WARN_SUSPICIOUS_MOVE = YES;
				CLANG_WARN_UNGUARDED_AVAILABILITY = YES_AGGRESSIVE;
				CLANG_WARN_UNREACHABLE_CODE = YES;
				CLANG_WARN__DUPLICATE_METHOD_MATCH = YES;
				COPY_PHASE_STRIP = NO;
				DEBUG_INFORMATION_FORMAT = "dwarf-with-dsym";
				ENABLE_NS_ASSERTIONS = NO;
				ENABLE_STRICT_OBJC_MSGSEND = YES;
				GCC_C_LANGUAGE_STANDARD = gnu11;
				GCC_NO_COMMON_BLOCKS = YES;
				GCC_WARN_64_TO_32_BIT_CONVERSION = YES;
				GCC_WARN_ABOUT_RETURN_TYPE = YES_ERROR;
				GCC_WARN_UNDECLARED_SELECTOR = YES;
				GCC_WARN_UNINITIALIZED_AUTOS = YES_AGGRESSIVE;
				GCC_WARN_UNUSED_FUNCTION = YES;
				GCC_WARN_UNUSED_VARIABLE = YES;
				IPHONEOS_DEPLOYMENT_TARGET = 16.2;
				MTL_ENABLE_DEBUG_INFO = NO;
				MTL_FAST_MATH = YES;
				SDKROOT = iphoneos;
				SWIFT_COMPILATION_MODE = wholemodule;
				SWIFT_OPTIMIZATION_LEVEL = "-O";
				VALIDATE_PRODUCT = YES;
			};
			name = Release;
		};
		79ABEBAE294EFACF00976C98 /* Debug */ = {
			isa = XCBuildConfiguration;
			buildSettings = {
				ASSETCATALOG_COMPILER_APPICON_NAME = AppIcon;
				ASSETCATALOG_COMPILER_GLOBAL_ACCENT_COLOR_NAME = AccentColor;
				CODE_SIGN_STYLE = Automatic;
				CURRENT_PROJECT_VERSION = 1;
				DEVELOPMENT_ASSET_PATHS = "\"Weather/Preview Content\"";
				DEVELOPMENT_TEAM = C33N6HTS9N;
				ENABLE_PREVIEWS = YES;
				GENERATE_INFOPLIST_FILE = YES;
				INFOPLIST_KEY_UIApplicationSceneManifest_Generation = YES;
				INFOPLIST_KEY_UIApplicationSupportsIndirectInputEvents = YES;
				INFOPLIST_KEY_UILaunchScreen_Generation = YES;
				INFOPLIST_KEY_UISupportedInterfaceOrientations_iPad = "UIInterfaceOrientationPortrait UIInterfaceOrientationPortraitUpsideDown UIInterfaceOrientationLandscapeLeft UIInterfaceOrientationLandscapeRight";
				INFOPLIST_KEY_UISupportedInterfaceOrientations_iPhone = "UIInterfaceOrientationPortrait UIInterfaceOrientationLandscapeLeft UIInterfaceOrientationLandscapeRight";
				LD_RUNPATH_SEARCH_PATHS = (
					"$(inherited)",
					"@executable_path/Frameworks",
				);
				MARKETING_VERSION = 1.0;
				PRODUCT_BUNDLE_IDENTIFIER = com.DoubleShy0N.Weather;
				PRODUCT_NAME = "$(TARGET_NAME)";
				SWIFT_EMIT_LOC_STRINGS = YES;
				SWIFT_VERSION = 5.0;
				TARGETED_DEVICE_FAMILY = "1,2";
			};
			name = Debug;
		};
		79ABEBAF294EFACF00976C98 /* Release */ = {
			isa = XCBuildConfiguration;
			buildSettings = {
				ASSETCATALOG_COMPILER_APPICON_NAME = AppIcon;
				ASSETCATALOG_COMPILER_GLOBAL_ACCENT_COLOR_NAME = AccentColor;
				CODE_SIGN_STYLE = Automatic;
				CURRENT_PROJECT_VERSION = 1;
				DEVELOPMENT_ASSET_PATHS = "\"Weather/Preview Content\"";
				DEVELOPMENT_TEAM = C33N6HTS9N;
				ENABLE_PREVIEWS = YES;
				GENERATE_INFOPLIST_FILE = YES;
				INFOPLIST_KEY_UIApplicationSceneManifest_Generation = YES;
				INFOPLIST_KEY_UIApplicationSupportsIndirectInputEvents = YES;
				INFOPLIST_KEY_UILaunchScreen_Generation = YES;
				INFOPLIST_KEY_UISupportedInterfaceOrientations_iPad = "UIInterfaceOrientationPortrait UIInterfaceOrientationPortraitUpsideDown UIInterfaceOrientationLandscapeLeft UIInterfaceOrientationLandscapeRight";
				INFOPLIST_KEY_UISupportedInterfaceOrientations_iPhone = "UIInterfaceOrientationPortrait UIInterfaceOrientationLandscapeLeft UIInterfaceOrientationLandscapeRight";
				LD_RUNPATH_SEARCH_PATHS = (
					"$(inherited)",
					"@executable_path/Frameworks",
				);
				MARKETING_VERSION = 1.0;
				PRODUCT_BUNDLE_IDENTIFIER = com.DoubleShy0N.Weather;
				PRODUCT_NAME = "$(TARGET_NAME)";
				SWIFT_EMIT_LOC_STRINGS = YES;
				SWIFT_VERSION = 5.0;
				TARGETED_DEVICE_FAMILY = "1,2";
			};
			name = Release;
		};
/* End XCBuildConfiguration section */

/* Begin XCConfigurationList section */
		79ABEB9A294EFACC00976C98 /* Build configuration list for PBXProject "Weather" */ = {
			isa = XCConfigurationList;
			buildConfigurations = (
				79ABEBAB294EFACF00976C98 /* Debug */,
				79ABEBAC294EFACF00976C98 /* Release */,
			);
			defaultConfigurationIsVisible = 0;
			defaultConfigurationName = Release;
		};
		79ABEBAD294EFACF00976C98 /* Build configuration list for PBXNativeTarget "Weather" */ = {
			isa = XCConfigurationList;
			buildConfigurations = (
				79ABEBAE294EFACF00976C98 /* Debug */,
				79ABEBAF294EFACF00976C98 /* Release */,
			);
			defaultConfigurationIsVisible = 0;
			defaultConfigurationName = Release;
		};
/* End XCConfigurationList section */

/* Begin XCRemoteSwiftPackageReference section */
		79C485D129504D830084D1C4 /* XCRemoteSwiftPackageReference "BottomSheet" */ = {
			isa = XCRemoteSwiftPackageReference;
			repositoryURL = "git@github.com:Wouter125/BottomSheet.git";
			requirement = {
				kind = upToNextMajorVersion;
				minimumVersion = 1.0.0;
			};
		};
/* End XCRemoteSwiftPackageReference section */

/* Begin XCSwiftPackageProductDependency section */
		79C485D229504D830084D1C4 /* BottomSheet */ = {
			isa = XCSwiftPackageProductDependency;
			package = 79C485D129504D830084D1C4 /* XCRemoteSwiftPackageReference "BottomSheet" */;
			productName = BottomSheet;
		};
/* End XCSwiftPackageProductDependency section */
	};
	rootObject = 79ABEB97294EFACC00976C98 /* Project object */;
}
