// !$*UTF8*$!
{
	archiveVersion = 1;
	classes = {
	};
	objectVersion = 56;
	objects = {

/* Begin PBXBuildFile section */
		6316B0DC29309BDB008854CD /* Constant.swift in Sources */ = {isa = PBXBuildFile; fileRef = 6316B0DB29309BDB008854CD /* Constant.swift */; };
		6316B0DE2930AD37008854CD /* HideKeyboardExtension.swift in Sources */ = {isa = PBXBuildFile; fileRef = 6316B0DD2930AD36008854CD /* HideKeyboardExtension.swift */; };
		6316B0E02930B1C2008854CD /* BackgroundImageView.swift in Sources */ = {isa = PBXBuildFile; fileRef = 6316B0DF2930B1C2008854CD /* BackgroundImageView.swift */; };
		6316B0E22930B2DE008854CD /* NewTaskItemView.swift in Sources */ = {isa = PBXBuildFile; fileRef = 6316B0E12930B2DE008854CD /* NewTaskItemView.swift */; };
		6316B0E42930B7FB008854CD /* BlankView.swift in Sources */ = {isa = PBXBuildFile; fileRef = 6316B0E32930B7FB008854CD /* BlankView.swift */; };
		637572832931EA0000D860FA /* WidgetKit.framework in Frameworks */ = {isa = PBXBuildFile; fileRef = 637572822931EA0000D860FA /* WidgetKit.framework */; };
		637572852931EA0000D860FA /* SwiftUI.framework in Frameworks */ = {isa = PBXBuildFile; fileRef = 637572842931EA0000D860FA /* SwiftUI.framework */; };
		637572882931EA0000D860FA /* DevoteWidgetBundle.swift in Sources */ = {isa = PBXBuildFile; fileRef = 637572872931EA0000D860FA /* DevoteWidgetBundle.swift */; };
		6375728A2931EA0000D860FA /* DevoteWidget.swift in Sources */ = {isa = PBXBuildFile; fileRef = 637572892931EA0000D860FA /* DevoteWidget.swift */; };
		6375728C2931EA0200D860FA /* Assets.xcassets in Resources */ = {isa = PBXBuildFile; fileRef = 6375728B2931EA0200D860FA /* Assets.xcassets */; };
		637572902931EA0200D860FA /* DevoteWidgetExtension.appex in Embed Foundation Extensions */ = {isa = PBXBuildFile; fileRef = 637572802931EA0000D860FA /* DevoteWidgetExtension.appex */; settings = {ATTRIBUTES = (RemoveHeadersOnCopy, ); }; };
		637572952931EE3200D860FA /* Assets.xcassets in Resources */ = {isa = PBXBuildFile; fileRef = 63DC139D292F502400069BCE /* Assets.xcassets */; };
		637572962931EEC600D860FA /* Constant.swift in Sources */ = {isa = PBXBuildFile; fileRef = 6316B0DB29309BDB008854CD /* Constant.swift */; };
		63DC139A292F502200069BCE /* DevoteApp.swift in Sources */ = {isa = PBXBuildFile; fileRef = 63DC1399292F502200069BCE /* DevoteApp.swift */; };
		63DC139C292F502200069BCE /* ContentView.swift in Sources */ = {isa = PBXBuildFile; fileRef = 63DC139B292F502200069BCE /* ContentView.swift */; };
		63DC139E292F502400069BCE /* Assets.xcassets in Resources */ = {isa = PBXBuildFile; fileRef = 63DC139D292F502400069BCE /* Assets.xcassets */; };
		63DC13A1292F502400069BCE /* Preview Assets.xcassets in Resources */ = {isa = PBXBuildFile; fileRef = 63DC13A0292F502400069BCE /* Preview Assets.xcassets */; };
		63DC13A3292F502400069BCE /* Persistence.swift in Sources */ = {isa = PBXBuildFile; fileRef = 63DC13A2292F502400069BCE /* Persistence.swift */; };
		63DC13A6292F502400069BCE /* Devote.xcdatamodeld in Sources */ = {isa = PBXBuildFile; fileRef = 63DC13A4292F502400069BCE /* Devote.xcdatamodeld */; };
		63DC13AF292F50BC00069BCE /* sound-rise.mp3 in Resources */ = {isa = PBXBuildFile; fileRef = 63DC13AC292F50BC00069BCE /* sound-rise.mp3 */; };
		63DC13B0292F50BC00069BCE /* sound-ding.mp3 in Resources */ = {isa = PBXBuildFile; fileRef = 63DC13AD292F50BC00069BCE /* sound-ding.mp3 */; };
		63DC13B1292F50BC00069BCE /* sound-tap.mp3 in Resources */ = {isa = PBXBuildFile; fileRef = 63DC13AE292F50BC00069BCE /* sound-tap.mp3 */; };
		63E9AEE12930E95D00AE878F /* ListRowItemView.swift in Sources */ = {isa = PBXBuildFile; fileRef = 63E9AEE02930E95D00AE878F /* ListRowItemView.swift */; };
		63E9AEE32930EBE500AE878F /* CheckboxStyle.swift in Sources */ = {isa = PBXBuildFile; fileRef = 63E9AEE22930EBE500AE878F /* CheckboxStyle.swift */; };
		63E9AEE52930F2F100AE878F /* Sound.swift in Sources */ = {isa = PBXBuildFile; fileRef = 63E9AEE42930F2F100AE878F /* Sound.swift */; };
/* End PBXBuildFile section */

/* Begin PBXContainerItemProxy section */
		6375728E2931EA0200D860FA /* PBXContainerItemProxy */ = {
			isa = PBXContainerItemProxy;
			containerPortal = 63DC138E292F502200069BCE /* Project object */;
			proxyType = 1;
			remoteGlobalIDString = 6375727F2931EA0000D860FA;
			remoteInfo = DevoteWidgetExtension;
		};
/* End PBXContainerItemProxy section */

/* Begin PBXCopyFilesBuildPhase section */
		637572912931EA0200D860FA /* Embed Foundation Extensions */ = {
			isa = PBXCopyFilesBuildPhase;
			buildActionMask = 2147483647;
			dstPath = "";
			dstSubfolderSpec = 13;
			files = (
				637572902931EA0200D860FA /* DevoteWidgetExtension.appex in Embed Foundation Extensions */,
			);
			name = "Embed Foundation Extensions";
			runOnlyForDeploymentPostprocessing = 0;
		};
/* End PBXCopyFilesBuildPhase section */

/* Begin PBXFileReference section */
		6316B0DB29309BDB008854CD /* Constant.swift */ = {isa = PBXFileReference; lastKnownFileType = sourcecode.swift; path = Constant.swift; sourceTree = "<group>"; };
		6316B0DD2930AD36008854CD /* HideKeyboardExtension.swift */ = {isa = PBXFileReference; lastKnownFileType = sourcecode.swift; path = HideKeyboardExtension.swift; sourceTree = "<group>"; };
		6316B0DF2930B1C2008854CD /* BackgroundImageView.swift */ = {isa = PBXFileReference; lastKnownFileType = sourcecode.swift; path = BackgroundImageView.swift; sourceTree = "<group>"; };
		6316B0E12930B2DE008854CD /* NewTaskItemView.swift */ = {isa = PBXFileReference; lastKnownFileType = sourcecode.swift; path = NewTaskItemView.swift; sourceTree = "<group>"; };
		6316B0E32930B7FB008854CD /* BlankView.swift */ = {isa = PBXFileReference; lastKnownFileType = sourcecode.swift; path = BlankView.swift; sourceTree = "<group>"; };
		637572802931EA0000D860FA /* DevoteWidgetExtension.appex */ = {isa = PBXFileReference; explicitFileType = "wrapper.app-extension"; includeInIndex = 0; path = DevoteWidgetExtension.appex; sourceTree = BUILT_PRODUCTS_DIR; };
		637572822931EA0000D860FA /* WidgetKit.framework */ = {isa = PBXFileReference; lastKnownFileType = wrapper.framework; name = WidgetKit.framework; path = System/Library/Frameworks/WidgetKit.framework; sourceTree = SDKROOT; };
		637572842931EA0000D860FA /* SwiftUI.framework */ = {isa = PBXFileReference; lastKnownFileType = wrapper.framework; name = SwiftUI.framework; path = System/Library/Frameworks/SwiftUI.framework; sourceTree = SDKROOT; };
		637572872931EA0000D860FA /* DevoteWidgetBundle.swift */ = {isa = PBXFileReference; lastKnownFileType = sourcecode.swift; path = DevoteWidgetBundle.swift; sourceTree = "<group>"; };
		637572892931EA0000D860FA /* DevoteWidget.swift */ = {isa = PBXFileReference; lastKnownFileType = sourcecode.swift; path = DevoteWidget.swift; sourceTree = "<group>"; };
		6375728B2931EA0200D860FA /* Assets.xcassets */ = {isa = PBXFileReference; lastKnownFileType = folder.assetcatalog; path = Assets.xcassets; sourceTree = "<group>"; };
		6375728D2931EA0200D860FA /* Info.plist */ = {isa = PBXFileReference; lastKnownFileType = text.plist.xml; path = Info.plist; sourceTree = "<group>"; };
		63DC1396292F502200069BCE /* Devote.app */ = {isa = PBXFileReference; explicitFileType = wrapper.application; includeInIndex = 0; path = Devote.app; sourceTree = BUILT_PRODUCTS_DIR; };
		63DC1399292F502200069BCE /* DevoteApp.swift */ = {isa = PBXFileReference; lastKnownFileType = sourcecode.swift; path = DevoteApp.swift; sourceTree = "<group>"; };
		63DC139B292F502200069BCE /* ContentView.swift */ = {isa = PBXFileReference; lastKnownFileType = sourcecode.swift; path = ContentView.swift; sourceTree = "<group>"; };
		63DC139D292F502400069BCE /* Assets.xcassets */ = {isa = PBXFileReference; lastKnownFileType = folder.assetcatalog; path = Assets.xcassets; sourceTree = "<group>"; };
		63DC13A0292F502400069BCE /* Preview Assets.xcassets */ = {isa = PBXFileReference; lastKnownFileType = folder.assetcatalog; path = "Preview Assets.xcassets"; sourceTree = "<group>"; };
		63DC13A2292F502400069BCE /* Persistence.swift */ = {isa = PBXFileReference; lastKnownFileType = sourcecode.swift; path = Persistence.swift; sourceTree = "<group>"; };
		63DC13A5292F502400069BCE /* Devote.xcdatamodel */ = {isa = PBXFileReference; lastKnownFileType = wrapper.xcdatamodel; path = Devote.xcdatamodel; sourceTree = "<group>"; };
		63DC13AC292F50BC00069BCE /* sound-rise.mp3 */ = {isa = PBXFileReference; lastKnownFileType = audio.mp3; path = "sound-rise.mp3"; sourceTree = "<group>"; };
		63DC13AD292F50BC00069BCE /* sound-ding.mp3 */ = {isa = PBXFileReference; lastKnownFileType = audio.mp3; path = "sound-ding.mp3"; sourceTree = "<group>"; };
		63DC13AE292F50BC00069BCE /* sound-tap.mp3 */ = {isa = PBXFileReference; lastKnownFileType = audio.mp3; path = "sound-tap.mp3"; sourceTree = "<group>"; };
		63DC13B8292F51B400069BCE /* Info.plist */ = {isa = PBXFileReference; lastKnownFileType = text.plist; path = Info.plist; sourceTree = "<group>"; };
		63E9AEE02930E95D00AE878F /* ListRowItemView.swift */ = {isa = PBXFileReference; lastKnownFileType = sourcecode.swift; path = ListRowItemView.swift; sourceTree = "<group>"; };
		63E9AEE22930EBE500AE878F /* CheckboxStyle.swift */ = {isa = PBXFileReference; lastKnownFileType = sourcecode.swift; path = CheckboxStyle.swift; sourceTree = "<group>"; };
		63E9AEE42930F2F100AE878F /* Sound.swift */ = {isa = PBXFileReference; lastKnownFileType = sourcecode.swift; path = Sound.swift; sourceTree = "<group>"; };
/* End PBXFileReference section */

/* Begin PBXFrameworksBuildPhase section */
		6375727D2931EA0000D860FA /* Frameworks */ = {
			isa = PBXFrameworksBuildPhase;
			buildActionMask = 2147483647;
			files = (
				637572852931EA0000D860FA /* SwiftUI.framework in Frameworks */,
				637572832931EA0000D860FA /* WidgetKit.framework in Frameworks */,
			);
			runOnlyForDeploymentPostprocessing = 0;
		};
		63DC1393292F502200069BCE /* Frameworks */ = {
			isa = PBXFrameworksBuildPhase;
			buildActionMask = 2147483647;
			files = (
			);
			runOnlyForDeploymentPostprocessing = 0;
		};
/* End PBXFrameworksBuildPhase section */

/* Begin PBXGroup section */
		637572812931EA0000D860FA /* Frameworks */ = {
			isa = PBXGroup;
			children = (
				637572822931EA0000D860FA /* WidgetKit.framework */,
				637572842931EA0000D860FA /* SwiftUI.framework */,
			);
			name = Frameworks;
			sourceTree = "<group>";
		};
		637572862931EA0000D860FA /* DevoteWidget */ = {
			isa = PBXGroup;
			children = (
				637572872931EA0000D860FA /* DevoteWidgetBundle.swift */,
				637572892931EA0000D860FA /* DevoteWidget.swift */,
				6375728B2931EA0200D860FA /* Assets.xcassets */,
				6375728D2931EA0200D860FA /* Info.plist */,
			);
			path = DevoteWidget;
			sourceTree = "<group>";
		};
		63DC138D292F502200069BCE = {
			isa = PBXGroup;
			children = (
				63DC1398292F502200069BCE /* Devote */,
				637572862931EA0000D860FA /* DevoteWidget */,
				637572812931EA0000D860FA /* Frameworks */,
				63DC1397292F502200069BCE /* Products */,
			);
			sourceTree = "<group>";
		};
		63DC1397292F502200069BCE /* Products */ = {
			isa = PBXGroup;
			children = (
				63DC1396292F502200069BCE /* Devote.app */,
				637572802931EA0000D860FA /* DevoteWidgetExtension.appex */,
			);
			name = Products;
			sourceTree = "<group>";
		};
		63DC1398292F502200069BCE /* Devote */ = {
			isa = PBXGroup;
			children = (
				63DC13B8292F51B400069BCE /* Info.plist */,
				63DC1399292F502200069BCE /* DevoteApp.swift */,
				63DC13B3292F50E200069BCE /* View */,
				63DC13B4292F510A00069BCE /* Model */,
				63DC13B5292F512F00069BCE /* Style */,
				63DC13B6292F513600069BCE /* Utillity */,
				63DC13B7292F514400069BCE /* Extension */,
				63DC13B2292F50D700069BCE /* Sound */,
				63DC139D292F502400069BCE /* Assets.xcassets */,
				63DC139F292F502400069BCE /* Preview Content */,
			);
			path = Devote;
			sourceTree = "<group>";
		};
		63DC139F292F502400069BCE /* Preview Content */ = {
			isa = PBXGroup;
			children = (
				63DC13A0292F502400069BCE /* Preview Assets.xcassets */,
			);
			path = "Preview Content";
			sourceTree = "<group>";
		};
		63DC13B2292F50D700069BCE /* Sound */ = {
			isa = PBXGroup;
			children = (
				63DC13AD292F50BC00069BCE /* sound-ding.mp3 */,
				63DC13AC292F50BC00069BCE /* sound-rise.mp3 */,
				63DC13AE292F50BC00069BCE /* sound-tap.mp3 */,
			);
			path = Sound;
			sourceTree = "<group>";
		};
		63DC13B3292F50E200069BCE /* View */ = {
			isa = PBXGroup;
			children = (
				63DC139B292F502200069BCE /* ContentView.swift */,
				6316B0DF2930B1C2008854CD /* BackgroundImageView.swift */,
				6316B0E12930B2DE008854CD /* NewTaskItemView.swift */,
				6316B0E32930B7FB008854CD /* BlankView.swift */,
				63E9AEE02930E95D00AE878F /* ListRowItemView.swift */,
			);
			path = View;
			sourceTree = "<group>";
		};
		63DC13B4292F510A00069BCE /* Model */ = {
			isa = PBXGroup;
			children = (
				63DC13A2292F502400069BCE /* Persistence.swift */,
				63DC13A4292F502400069BCE /* Devote.xcdatamodeld */,
			);
			path = Model;
			sourceTree = "<group>";
		};
		63DC13B5292F512F00069BCE /* Style */ = {
			isa = PBXGroup;
			children = (
				63E9AEE22930EBE500AE878F /* CheckboxStyle.swift */,
			);
			path = Style;
			sourceTree = "<group>";
		};
		63DC13B6292F513600069BCE /* Utillity */ = {
			isa = PBXGroup;
			children = (
				6316B0DB29309BDB008854CD /* Constant.swift */,
				63E9AEE42930F2F100AE878F /* Sound.swift */,
			);
			path = Utillity;
			sourceTree = "<group>";
		};
		63DC13B7292F514400069BCE /* Extension */ = {
			isa = PBXGroup;
			children = (
				6316B0DD2930AD36008854CD /* HideKeyboardExtension.swift */,
			);
			path = Extension;
			sourceTree = "<group>";
		};
/* End PBXGroup section */

/* Begin PBXNativeTarget section */
		6375727F2931EA0000D860FA /* DevoteWidgetExtension */ = {
			isa = PBXNativeTarget;
			buildConfigurationList = 637572942931EA0200D860FA /* Build configuration list for PBXNativeTarget "DevoteWidgetExtension" */;
			buildPhases = (
				6375727C2931EA0000D860FA /* Sources */,
				6375727D2931EA0000D860FA /* Frameworks */,
				6375727E2931EA0000D860FA /* Resources */,
			);
			buildRules = (
			);
			dependencies = (
			);
			name = DevoteWidgetExtension;
			productName = DevoteWidgetExtension;
			productReference = 637572802931EA0000D860FA /* DevoteWidgetExtension.appex */;
			productType = "com.apple.product-type.app-extension";
		};
		63DC1395292F502200069BCE /* Devote */ = {
			isa = PBXNativeTarget;
			buildConfigurationList = 63DC13A9292F502400069BCE /* Build configuration list for PBXNativeTarget "Devote" */;
			buildPhases = (
				63DC1392292F502200069BCE /* Sources */,
				63DC1393292F502200069BCE /* Frameworks */,
				63DC1394292F502200069BCE /* Resources */,
				637572912931EA0200D860FA /* Embed Foundation Extensions */,
			);
			buildRules = (
			);
			dependencies = (
				6375728F2931EA0200D860FA /* PBXTargetDependency */,
			);
			name = Devote;
			productName = Devote;
			productReference = 63DC1396292F502200069BCE /* Devote.app */;
			productType = "com.apple.product-type.application";
		};
/* End PBXNativeTarget section */

/* Begin PBXProject section */
		63DC138E292F502200069BCE /* Project object */ = {
			isa = PBXProject;
			attributes = {
				BuildIndependentTargetsInParallel = 1;
				LastSwiftUpdateCheck = 1410;
				LastUpgradeCheck = 1410;
				TargetAttributes = {
					6375727F2931EA0000D860FA = {
						CreatedOnToolsVersion = 14.1;
					};
					63DC1395292F502200069BCE = {
						CreatedOnToolsVersion = 14.1;
					};
				};
			};
			buildConfigurationList = 63DC1391292F502200069BCE /* Build configuration list for PBXProject "Devote" */;
			compatibilityVersion = "Xcode 14.0";
			developmentRegion = en;
			hasScannedForEncodings = 0;
			knownRegions = (
				en,
				Base,
			);
			mainGroup = 63DC138D292F502200069BCE;
			productRefGroup = 63DC1397292F502200069BCE /* Products */;
			projectDirPath = "";
			projectRoot = "";
			targets = (
				63DC1395292F502200069BCE /* Devote */,
				6375727F2931EA0000D860FA /* DevoteWidgetExtension */,
			);
		};
/* End PBXProject section */

/* Begin PBXResourcesBuildPhase section */
		6375727E2931EA0000D860FA /* Resources */ = {
			isa = PBXResourcesBuildPhase;
			buildActionMask = 2147483647;
			files = (
				637572952931EE3200D860FA /* Assets.xcassets in Resources */,
				6375728C2931EA0200D860FA /* Assets.xcassets in Resources */,
			);
			runOnlyForDeploymentPostprocessing = 0;
		};
		63DC1394292F502200069BCE /* Resources */ = {
			isa = PBXResourcesBuildPhase;
			buildActionMask = 2147483647;
			files = (
				63DC13B0292F50BC00069BCE /* sound-ding.mp3 in Resources */,
				63DC13AF292F50BC00069BCE /* sound-rise.mp3 in Resources */,
				63DC13A1292F502400069BCE /* Preview Assets.xcassets in Resources */,
				63DC13B1292F50BC00069BCE /* sound-tap.mp3 in Resources */,
				63DC139E292F502400069BCE /* Assets.xcassets in Resources */,
			);
			runOnlyForDeploymentPostprocessing = 0;
		};
/* End PBXResourcesBuildPhase section */

/* Begin PBXSourcesBuildPhase section */
		6375727C2931EA0000D860FA /* Sources */ = {
			isa = PBXSourcesBuildPhase;
			buildActionMask = 2147483647;
			files = (
				6375728A2931EA0000D860FA /* DevoteWidget.swift in Sources */,
				637572882931EA0000D860FA /* DevoteWidgetBundle.swift in Sources */,
				637572962931EEC600D860FA /* Constant.swift in Sources */,
			);
			runOnlyForDeploymentPostprocessing = 0;
		};
		63DC1392292F502200069BCE /* Sources */ = {
			isa = PBXSourcesBuildPhase;
			buildActionMask = 2147483647;
			files = (
				63DC13A3292F502400069BCE /* Persistence.swift in Sources */,
				6316B0E02930B1C2008854CD /* BackgroundImageView.swift in Sources */,
				63DC139C292F502200069BCE /* ContentView.swift in Sources */,
				6316B0DE2930AD37008854CD /* HideKeyboardExtension.swift in Sources */,
				6316B0E42930B7FB008854CD /* BlankView.swift in Sources */,
				6316B0DC29309BDB008854CD /* Constant.swift in Sources */,
				63E9AEE12930E95D00AE878F /* ListRowItemView.swift in Sources */,
				63E9AEE52930F2F100AE878F /* Sound.swift in Sources */,
				63DC13A6292F502400069BCE /* Devote.xcdatamodeld in Sources */,
				63DC139A292F502200069BCE /* DevoteApp.swift in Sources */,
				63E9AEE32930EBE500AE878F /* CheckboxStyle.swift in Sources */,
				6316B0E22930B2DE008854CD /* NewTaskItemView.swift in Sources */,
			);
			runOnlyForDeploymentPostprocessing = 0;
		};
/* End PBXSourcesBuildPhase section */

/* Begin PBXTargetDependency section */
		6375728F2931EA0200D860FA /* PBXTargetDependency */ = {
			isa = PBXTargetDependency;
			target = 6375727F2931EA0000D860FA /* DevoteWidgetExtension */;
			targetProxy = 6375728E2931EA0200D860FA /* PBXContainerItemProxy */;
		};
/* End PBXTargetDependency section */

/* Begin XCBuildConfiguration section */
		637572922931EA0200D860FA /* Debug */ = {
			isa = XCBuildConfiguration;
			buildSettings = {
				ASSETCATALOG_COMPILER_GLOBAL_ACCENT_COLOR_NAME = AccentColor;
				ASSETCATALOG_COMPILER_WIDGET_BACKGROUND_COLOR_NAME = WidgetBackground;
				CODE_SIGN_STYLE = Automatic;
				CURRENT_PROJECT_VERSION = 1;
				DEVELOPMENT_TEAM = C33N6HTS9N;
				GENERATE_INFOPLIST_FILE = YES;
				INFOPLIST_FILE = DevoteWidget/Info.plist;
				INFOPLIST_KEY_CFBundleDisplayName = DevoteWidget;
				INFOPLIST_KEY_NSHumanReadableCopyright = "";
				LD_RUNPATH_SEARCH_PATHS = (
					"$(inherited)",
					"@executable_path/Frameworks",
					"@executable_path/../../Frameworks",
				);
				MARKETING_VERSION = 1.0;
				PRODUCT_BUNDLE_IDENTIFIER = com.DoubleShy0N.Devote.DevoteWidget;
				PRODUCT_NAME = "$(TARGET_NAME)";
				SKIP_INSTALL = YES;
				SWIFT_EMIT_LOC_STRINGS = YES;
				SWIFT_VERSION = 5.0;
				TARGETED_DEVICE_FAMILY = "1,2";
			};
			name = Debug;
		};
		637572932931EA0200D860FA /* Release */ = {
			isa = XCBuildConfiguration;
			buildSettings = {
				ASSETCATALOG_COMPILER_GLOBAL_ACCENT_COLOR_NAME = AccentColor;
				ASSETCATALOG_COMPILER_WIDGET_BACKGROUND_COLOR_NAME = WidgetBackground;
				CODE_SIGN_STYLE = Automatic;
				CURRENT_PROJECT_VERSION = 1;
				DEVELOPMENT_TEAM = C33N6HTS9N;
				GENERATE_INFOPLIST_FILE = YES;
				INFOPLIST_FILE = DevoteWidget/Info.plist;
				INFOPLIST_KEY_CFBundleDisplayName = DevoteWidget;
				INFOPLIST_KEY_NSHumanReadableCopyright = "";
				LD_RUNPATH_SEARCH_PATHS = (
					"$(inherited)",
					"@executable_path/Frameworks",
					"@executable_path/../../Frameworks",
				);
				MARKETING_VERSION = 1.0;
				PRODUCT_BUNDLE_IDENTIFIER = com.DoubleShy0N.Devote.DevoteWidget;
				PRODUCT_NAME = "$(TARGET_NAME)";
				SKIP_INSTALL = YES;
				SWIFT_EMIT_LOC_STRINGS = YES;
				SWIFT_VERSION = 5.0;
				TARGETED_DEVICE_FAMILY = "1,2";
			};
			name = Release;
		};
		63DC13A7292F502400069BCE /* Debug */ = {
			isa = XCBuildConfiguration;
			buildSettings = {
				ALWAYS_SEARCH_USER_PATHS = NO;
				CLANG_ANALYZER_NONNULL = YES;
				CLANG_ANALYZER_NUMBER_OBJECT_CONVERSION = YES_AGGRESSIVE;
				CLANG_CXX_LANGUAGE_STANDARD = "gnu++20";
				CLANG_ENABLE_MODULES = YES;
				CLANG_ENABLE_OBJC_ARC = YES;
				CLANG_ENABLE_OBJC_WEAK = YES;
				CLANG_WARN_BLOCK_CAPTURE_AUTORELEASING = YES;
				CLANG_WARN_BOOL_CONVERSION = YES;
				CLANG_WARN_COMMA = YES;
				CLANG_WARN_CONSTANT_CONVERSION = YES;
				CLANG_WARN_DEPRECATED_OBJC_IMPLEMENTATIONS = YES;
				CLANG_WARN_DIRECT_OBJC_ISA_USAGE = YES_ERROR;
				CLANG_WARN_DOCUMENTATION_COMMENTS = YES;
				CLANG_WARN_EMPTY_BODY = YES;
				CLANG_WARN_ENUM_CONVERSION = YES;
				CLANG_WARN_INFINITE_RECURSION = YES;
				CLANG_WARN_INT_CONVERSION = YES;
				CLANG_WARN_NON_LITERAL_NULL_CONVERSION = YES;
				CLANG_WARN_OBJC_IMPLICIT_RETAIN_SELF = YES;
				CLANG_WARN_OBJC_LITERAL_CONVERSION = YES;
				CLANG_WARN_OBJC_ROOT_CLASS = YES_ERROR;
				CLANG_WARN_QUOTED_INCLUDE_IN_FRAMEWORK_HEADER = YES;
				CLANG_WARN_RANGE_LOOP_ANALYSIS = YES;
				CLANG_WARN_STRICT_PROTOTYPES = YES;
				CLANG_WARN_SUSPICIOUS_MOVE = YES;
				CLANG_WARN_UNGUARDED_AVAILABILITY = YES_AGGRESSIVE;
				CLANG_WARN_UNREACHABLE_CODE = YES;
				CLANG_WARN__DUPLICATE_METHOD_MATCH = YES;
				COPY_PHASE_STRIP = NO;
				DEBUG_INFORMATION_FORMAT = dwarf;
				ENABLE_STRICT_OBJC_MSGSEND = YES;
				ENABLE_TESTABILITY = YES;
				GCC_C_LANGUAGE_STANDARD = gnu11;
				GCC_DYNAMIC_NO_PIC = NO;
				GCC_NO_COMMON_BLOCKS = YES;
				GCC_OPTIMIZATION_LEVEL = 0;
				GCC_PREPROCESSOR_DEFINITIONS = (
					"DEBUG=1",
					"$(inherited)",
				);
				GCC_WARN_64_TO_32_BIT_CONVERSION = YES;
				GCC_WARN_ABOUT_RETURN_TYPE = YES_ERROR;
				GCC_WARN_UNDECLARED_SELECTOR = YES;
				GCC_WARN_UNINITIALIZED_AUTOS = YES_AGGRESSIVE;
				GCC_WARN_UNUSED_FUNCTION = YES;
				GCC_WARN_UNUSED_VARIABLE = YES;
				IPHONEOS_DEPLOYMENT_TARGET = 16.1;
				MTL_ENABLE_DEBUG_INFO = INCLUDE_SOURCE;
				MTL_FAST_MATH = YES;
				ONLY_ACTIVE_ARCH = YES;
				SDKROOT = iphoneos;
				SWIFT_ACTIVE_COMPILATION_CONDITIONS = DEBUG;
				SWIFT_OPTIMIZATION_LEVEL = "-Onone";
			};
			name = Debug;
		};
		63DC13A8292F502400069BCE /* Release */ = {
			isa = XCBuildConfiguration;
			buildSettings = {
				ALWAYS_SEARCH_USER_PATHS = NO;
				CLANG_ANALYZER_NONNULL = YES;
				CLANG_ANALYZER_NUMBER_OBJECT_CONVERSION = YES_AGGRESSIVE;
				CLANG_CXX_LANGUAGE_STANDARD = "gnu++20";
				CLANG_ENABLE_MODULES = YES;
				CLANG_ENABLE_OBJC_ARC = YES;
				CLANG_ENABLE_OBJC_WEAK = YES;
				CLANG_WARN_BLOCK_CAPTURE_AUTORELEASING = YES;
				CLANG_WARN_BOOL_CONVERSION = YES;
				CLANG_WARN_COMMA = YES;
				CLANG_WARN_CONSTANT_CONVERSION = YES;
				CLANG_WARN_DEPRECATED_OBJC_IMPLEMENTATIONS = YES;
				CLANG_WARN_DIRECT_OBJC_ISA_USAGE = YES_ERROR;
				CLANG_WARN_DOCUMENTATION_COMMENTS = YES;
				CLANG_WARN_EMPTY_BODY = YES;
				CLANG_WARN_ENUM_CONVERSION = YES;
				CLANG_WARN_INFINITE_RECURSION = YES;
				CLANG_WARN_INT_CONVERSION = YES;
				CLANG_WARN_NON_LITERAL_NULL_CONVERSION = YES;
				CLANG_WARN_OBJC_IMPLICIT_RETAIN_SELF = YES;
				CLANG_WARN_OBJC_LITERAL_CONVERSION = YES;
				CLANG_WARN_OBJC_ROOT_CLASS = YES_ERROR;
				CLANG_WARN_QUOTED_INCLUDE_IN_FRAMEWORK_HEADER = YES;
				CLANG_WARN_RANGE_LOOP_ANALYSIS = YES;
				CLANG_WARN_STRICT_PROTOTYPES = YES;
				CLANG_WARN_SUSPICIOUS_MOVE = YES;
				CLANG_WARN_UNGUARDED_AVAILABILITY = YES_AGGRESSIVE;
				CLANG_WARN_UNREACHABLE_CODE = YES;
				CLANG_WARN__DUPLICATE_METHOD_MATCH = YES;
				COPY_PHASE_STRIP = NO;
				DEBUG_INFORMATION_FORMAT = "dwarf-with-dsym";
				ENABLE_NS_ASSERTIONS = NO;
				ENABLE_STRICT_OBJC_MSGSEND = YES;
				GCC_C_LANGUAGE_STANDARD = gnu11;
				GCC_NO_COMMON_BLOCKS = YES;
				GCC_WARN_64_TO_32_BIT_CONVERSION = YES;
				GCC_WARN_ABOUT_RETURN_TYPE = YES_ERROR;
				GCC_WARN_UNDECLARED_SELECTOR = YES;
				GCC_WARN_UNINITIALIZED_AUTOS = YES_AGGRESSIVE;
				GCC_WARN_UNUSED_FUNCTION = YES;
				GCC_WARN_UNUSED_VARIABLE = YES;
				IPHONEOS_DEPLOYMENT_TARGET = 16.1;
				MTL_ENABLE_DEBUG_INFO = NO;
				MTL_FAST_MATH = YES;
				SDKROOT = iphoneos;
				SWIFT_COMPILATION_MODE = wholemodule;
				SWIFT_OPTIMIZATION_LEVEL = "-O";
				VALIDATE_PRODUCT = YES;
			};
			name = Release;
		};
		63DC13AA292F502400069BCE /* Debug */ = {
			isa = XCBuildConfiguration;
			buildSettings = {
				ALWAYS_EMBED_SWIFT_STANDARD_LIBRARIES = YES;
				ASSETCATALOG_COMPILER_APPICON_NAME = AppIcon;
				ASSETCATALOG_COMPILER_GLOBAL_ACCENT_COLOR_NAME = AccentColor;
				CODE_SIGN_STYLE = Automatic;
				CURRENT_PROJECT_VERSION = 1;
				DEVELOPMENT_ASSET_PATHS = "\"Devote/Preview Content\"";
				DEVELOPMENT_TEAM = C33N6HTS9N;
				ENABLE_PREVIEWS = YES;
				GENERATE_INFOPLIST_FILE = YES;
				INFOPLIST_FILE = Devote/Info.plist;
				INFOPLIST_KEY_UIApplicationSceneManifest_Generation = YES;
				INFOPLIST_KEY_UIApplicationSupportsIndirectInputEvents = YES;
				INFOPLIST_KEY_UISupportedInterfaceOrientations_iPad = "UIInterfaceOrientationPortrait UIInterfaceOrientationPortraitUpsideDown UIInterfaceOrientationLandscapeLeft UIInterfaceOrientationLandscapeRight";
				INFOPLIST_KEY_UISupportedInterfaceOrientations_iPhone = "UIInterfaceOrientationPortrait UIInterfaceOrientationLandscapeLeft UIInterfaceOrientationLandscapeRight";
				LD_RUNPATH_SEARCH_PATHS = (
					"$(inherited)",
					"@executable_path/Frameworks",
				);
				MARKETING_VERSION = 1.0;
				PRODUCT_BUNDLE_IDENTIFIER = com.DoubleShy0N.Devote;
				PRODUCT_NAME = "$(TARGET_NAME)";
				SWIFT_EMIT_LOC_STRINGS = YES;
				SWIFT_VERSION = 5.0;
				TARGETED_DEVICE_FAMILY = "1,2";
			};
			name = Debug;
		};
		63DC13AB292F502400069BCE /* Release */ = {
			isa = XCBuildConfiguration;
			buildSettings = {
				ALWAYS_EMBED_SWIFT_STANDARD_LIBRARIES = YES;
				ASSETCATALOG_COMPILER_APPICON_NAME = AppIcon;
				ASSETCATALOG_COMPILER_GLOBAL_ACCENT_COLOR_NAME = AccentColor;
				CODE_SIGN_STYLE = Automatic;
				CURRENT_PROJECT_VERSION = 1;
				DEVELOPMENT_ASSET_PATHS = "\"Devote/Preview Content\"";
				DEVELOPMENT_TEAM = C33N6HTS9N;
				ENABLE_PREVIEWS = YES;
				GENERATE_INFOPLIST_FILE = YES;
				INFOPLIST_FILE = Devote/Info.plist;
				INFOPLIST_KEY_UIApplicationSceneManifest_Generation = YES;
				INFOPLIST_KEY_UIApplicationSupportsIndirectInputEvents = YES;
				INFOPLIST_KEY_UISupportedInterfaceOrientations_iPad = "UIInterfaceOrientationPortrait UIInterfaceOrientationPortraitUpsideDown UIInterfaceOrientationLandscapeLeft UIInterfaceOrientationLandscapeRight";
				INFOPLIST_KEY_UISupportedInterfaceOrientations_iPhone = "UIInterfaceOrientationPortrait UIInterfaceOrientationLandscapeLeft UIInterfaceOrientationLandscapeRight";
				LD_RUNPATH_SEARCH_PATHS = (
					"$(inherited)",
					"@executable_path/Frameworks",
				);
				MARKETING_VERSION = 1.0;
				PRODUCT_BUNDLE_IDENTIFIER = com.DoubleShy0N.Devote;
				PRODUCT_NAME = "$(TARGET_NAME)";
				SWIFT_EMIT_LOC_STRINGS = YES;
				SWIFT_VERSION = 5.0;
				TARGETED_DEVICE_FAMILY = "1,2";
			};
			name = Release;
		};
/* End XCBuildConfiguration section */

/* Begin XCConfigurationList section */
		637572942931EA0200D860FA /* Build configuration list for PBXNativeTarget "DevoteWidgetExtension" */ = {
			isa = XCConfigurationList;
			buildConfigurations = (
				637572922931EA0200D860FA /* Debug */,
				637572932931EA0200D860FA /* Release */,
			);
			defaultConfigurationIsVisible = 0;
			defaultConfigurationName = Release;
		};
		63DC1391292F502200069BCE /* Build configuration list for PBXProject "Devote" */ = {
			isa = XCConfigurationList;
			buildConfigurations = (
				63DC13A7292F502400069BCE /* Debug */,
				63DC13A8292F502400069BCE /* Release */,
			);
			defaultConfigurationIsVisible = 0;
			defaultConfigurationName = Release;
		};
		63DC13A9292F502400069BCE /* Build configuration list for PBXNativeTarget "Devote" */ = {
			isa = XCConfigurationList;
			buildConfigurations = (
				63DC13AA292F502400069BCE /* Debug */,
				63DC13AB292F502400069BCE /* Release */,
			);
			defaultConfigurationIsVisible = 0;
			defaultConfigurationName = Release;
		};
/* End XCConfigurationList section */

/* Begin XCVersionGroup section */
		63DC13A4292F502400069BCE /* Devote.xcdatamodeld */ = {
			isa = XCVersionGroup;
			children = (
				63DC13A5292F502400069BCE /* Devote.xcdatamodel */,
			);
			currentVersion = 63DC13A5292F502400069BCE /* Devote.xcdatamodel */;
			path = Devote.xcdatamodeld;
			sourceTree = "<group>";
			versionGroupType = wrapper.xcdatamodel;
		};
/* End XCVersionGroup section */
	};
	rootObject = 63DC138E292F502200069BCE /* Project object */;
}
