// !$*UTF8*$!
{
	archiveVersion = 1;
	classes = {
	};
	objectVersion = 56;
	objects = {

/* Begin PBXBuildFile section */
		7903A5E829BDACB400A71CC5 /* AddView.swift in Sources */ = {isa = PBXBuildFile; fileRef = 7903A5E729BDACB400A71CC5 /* AddView.swift */; };
		7903A5EA29BDB72E00A71CC5 /* Styles.swift in Sources */ = {isa = PBXBuildFile; fileRef = 7903A5E929BDB72E00A71CC5 /* Styles.swift */; };
		7903A5EC29BDC10200A71CC5 /* MeView.swift in Sources */ = {isa = PBXBuildFile; fileRef = 7903A5EB29BDC10200A71CC5 /* MeView.swift */; };
		7907E6CD29BEEE6100C141F2 /* CusDatePickerView.swift in Sources */ = {isa = PBXBuildFile; fileRef = 7907E6CC29BEEE6100C141F2 /* CusDatePickerView.swift */; };
		7907E6D729BF15E000C141F2 /* InputLimit.swift in Sources */ = {isa = PBXBuildFile; fileRef = 7907E6D629BF15E000C141F2 /* InputLimit.swift */; };
		7909779429DD412D004A696C /* Provider.swift in Sources */ = {isa = PBXBuildFile; fileRef = 7909779329DD412D004A696C /* Provider.swift */; };
		7909779629DD4171004A696C /* SimpleEntry.swift in Sources */ = {isa = PBXBuildFile; fileRef = 7909779529DD4171004A696C /* SimpleEntry.swift */; };
		7909779829DD41C0004A696C /* WidgetView.swift in Sources */ = {isa = PBXBuildFile; fileRef = 7909779729DD41C0004A696C /* WidgetView.swift */; };
		791411B529C194D800915867 /* SuccessView.swift in Sources */ = {isa = PBXBuildFile; fileRef = 791411B429C194D800915867 /* SuccessView.swift */; };
		791411B729C19B3500915867 /* WarnView.swift in Sources */ = {isa = PBXBuildFile; fileRef = 791411B629C19B3500915867 /* WarnView.swift */; };
		791411B929C1AA2600915867 /* ToCheckinView.swift in Sources */ = {isa = PBXBuildFile; fileRef = 791411B829C1AA2600915867 /* ToCheckinView.swift */; };
		792002BD29ED1064001F9C6E /* DaySnap.xcdatamodeld in Sources */ = {isa = PBXBuildFile; fileRef = 792002BB29ED1064001F9C6E /* DaySnap.xcdatamodeld */; };
		792002BE29ED1136001F9C6E /* DaySnap.xcdatamodeld in Sources */ = {isa = PBXBuildFile; fileRef = 792002BB29ED1064001F9C6E /* DaySnap.xcdatamodeld */; };
		792002C029ED1D64001F9C6E /* ReminderModel.swift in Sources */ = {isa = PBXBuildFile; fileRef = 792002BF29ED1D64001F9C6E /* ReminderModel.swift */; };
		795BB3FB29C2F51A00A45984 /* HomeViewModel.swift in Sources */ = {isa = PBXBuildFile; fileRef = 795BB3FA29C2F51A00A45984 /* HomeViewModel.swift */; };
		79641DB129E91CAA00D2642F /* CountDownFilter.swift in Sources */ = {isa = PBXBuildFile; fileRef = 79641DB029E91CAA00D2642F /* CountDownFilter.swift */; };
		79641DB329E9417700D2642F /* PayWallView.swift in Sources */ = {isa = PBXBuildFile; fileRef = 79641DB229E9417700D2642F /* PayWallView.swift */; };
		79641DB529E971C400D2642F /* InfoRow.swift in Sources */ = {isa = PBXBuildFile; fileRef = 79641DB429E971C400D2642F /* InfoRow.swift */; };
		79641DB829E97C8300D2642F /* RevenueCat in Frameworks */ = {isa = PBXBuildFile; productRef = 79641DB729E97C8300D2642F /* RevenueCat */; };
		79676F6F29EA7CD4004BC7BA /* StoreKit.framework in Frameworks */ = {isa = PBXBuildFile; fileRef = 79676F6E29EA7CD4004BC7BA /* StoreKit.framework */; };
		79676F7129EA811B004BC7BA /* Extensions.swift in Sources */ = {isa = PBXBuildFile; fileRef = 79676F7029EA811B004BC7BA /* Extensions.swift */; };
		7972C95829ED867200CE5CAF /* WeatherAttributionView.swift in Sources */ = {isa = PBXBuildFile; fileRef = 7972C95729ED867200CE5CAF /* WeatherAttributionView.swift */; };
		79754BCE29DBE4420075F198 /* Notification.swift in Sources */ = {isa = PBXBuildFile; fileRef = 79754BCD29DBE4420075F198 /* Notification.swift */; };
		79754BD229DBEC700075F198 /* test_1.swift in Sources */ = {isa = PBXBuildFile; fileRef = 79754BD129DBEC700075F198 /* test_1.swift */; };
		7976962C29EBBC1800BD8632 /* UserViewModel.swift in Sources */ = {isa = PBXBuildFile; fileRef = 7976962B29EBBC1800BD8632 /* UserViewModel.swift */; };
		7976962E29EBDAF800BD8632 /* EditCheckinView.swift in Sources */ = {isa = PBXBuildFile; fileRef = 7976962D29EBDAF800BD8632 /* EditCheckinView.swift */; };
		7976963029EBDFD600BD8632 /* StatusModel.swift in Sources */ = {isa = PBXBuildFile; fileRef = 7976962F29EBDFD600BD8632 /* StatusModel.swift */; };
		7976963229EBE1AB00BD8632 /* CheckInFilter.swift in Sources */ = {isa = PBXBuildFile; fileRef = 7976963129EBE1AB00BD8632 /* CheckInFilter.swift */; };
		7976963429EC282F00BD8632 /* CategoryManageView.swift in Sources */ = {isa = PBXBuildFile; fileRef = 7976963329EC282F00BD8632 /* CategoryManageView.swift */; };
		7976963629EC297400BD8632 /* CategoryManager.swift in Sources */ = {isa = PBXBuildFile; fileRef = 7976963529EC297400BD8632 /* CategoryManager.swift */; };
		797AC7BA29DFD16200AAAA4F /* CheckInView.swift in Sources */ = {isa = PBXBuildFile; fileRef = 797AC7B929DFD16200AAAA4F /* CheckInView.swift */; };
		797AC7BC29DFDD2300AAAA4F /* CountDownRow.swift in Sources */ = {isa = PBXBuildFile; fileRef = 797AC7BB29DFDD2300AAAA4F /* CountDownRow.swift */; };
		797AC7BE29DFE72500AAAA4F /* CheckInRow.swift in Sources */ = {isa = PBXBuildFile; fileRef = 797AC7BD29DFE72500AAAA4F /* CheckInRow.swift */; };
		797F6C8629E7E79C00567ADC /* UserEditView.swift in Sources */ = {isa = PBXBuildFile; fileRef = 797F6C8529E7E79C00567ADC /* UserEditView.swift */; };
		7981060529C82861004D38F0 /* EditView.swift in Sources */ = {isa = PBXBuildFile; fileRef = 7981060429C82861004D38F0 /* EditView.swift */; };
		7985B04029C0372F003FCDDB /* InputWithIconView.swift in Sources */ = {isa = PBXBuildFile; fileRef = 7985B03F29C0372F003FCDDB /* InputWithIconView.swift */; };
		7985B04229C03BB3003FCDDB /* NumberOnlyTextField.swift in Sources */ = {isa = PBXBuildFile; fileRef = 7985B04129C03BB3003FCDDB /* NumberOnlyTextField.swift */; };
		7985B04729C06B76003FCDDB /* SignInWithApple.swift in Sources */ = {isa = PBXBuildFile; fileRef = 7985B04629C06B76003FCDDB /* SignInWithApple.swift */; };
		799AFE7F29E407E70045D7C5 /* LocationManager.swift in Sources */ = {isa = PBXBuildFile; fileRef = 799AFE7E29E407E70045D7C5 /* LocationManager.swift */; };
		799AFE8129E43C900045D7C5 /* WeatherKitManager.swift in Sources */ = {isa = PBXBuildFile; fileRef = 799AFE8029E43C900045D7C5 /* WeatherKitManager.swift */; };
		79A2A66729E52C150020B27E /* DataController.swift in Sources */ = {isa = PBXBuildFile; fileRef = 79CE956229DD6BD400289A9E /* DataController.swift */; };
		79A2A66929E52C320020B27E /* CategoryModel.swift in Sources */ = {isa = PBXBuildFile; fileRef = 79A2A66829E52C320020B27E /* CategoryModel.swift */; };
		79A2A66B29E544240020B27E /* LaunchScreenView.swift in Sources */ = {isa = PBXBuildFile; fileRef = 79A2A66A29E544240020B27E /* LaunchScreenView.swift */; };
		79A7340229D01D6D00D6409E /* DeleteView.swift in Sources */ = {isa = PBXBuildFile; fileRef = 79A7340129D01D6D00D6409E /* DeleteView.swift */; };
		79AEFA4029DEB78D00DF1FC6 /* CountdownView.swift in Sources */ = {isa = PBXBuildFile; fileRef = 79AEFA3F29DEB78D00DF1FC6 /* CountdownView.swift */; };
		79AEFA4229DECC2100DF1FC6 /* functions.swift in Sources */ = {isa = PBXBuildFile; fileRef = 79AEFA4129DECC2100DF1FC6 /* functions.swift */; };
		79BAC0CA29BC5221006822B9 /* DaySnapApp.swift in Sources */ = {isa = PBXBuildFile; fileRef = 79BAC0C929BC5221006822B9 /* DaySnapApp.swift */; };
		79BAC0CC29BC5221006822B9 /* ContentView.swift in Sources */ = {isa = PBXBuildFile; fileRef = 79BAC0CB29BC5221006822B9 /* ContentView.swift */; };
		79BAC0CE29BC5222006822B9 /* Assets.xcassets in Resources */ = {isa = PBXBuildFile; fileRef = 79BAC0CD29BC5222006822B9 /* Assets.xcassets */; };
		79BAC0D129BC5222006822B9 /* Preview Assets.xcassets in Resources */ = {isa = PBXBuildFile; fileRef = 79BAC0D029BC5222006822B9 /* Preview Assets.xcassets */; };
		79BAC0D929BC53E6006822B9 /* HeaderView.swift in Sources */ = {isa = PBXBuildFile; fileRef = 79BAC0D829BC53E6006822B9 /* HeaderView.swift */; };
		79BAC0DB29BC5A60006822B9 /* SwitchView.swift in Sources */ = {isa = PBXBuildFile; fileRef = 79BAC0DA29BC5A60006822B9 /* SwitchView.swift */; };
		79BAC0E129BC61D0006822B9 /* HomeView.swift in Sources */ = {isa = PBXBuildFile; fileRef = 79BAC0E029BC61D0006822B9 /* HomeView.swift */; };
		79BAC0E329BC659D006822B9 /* ItemListView.swift in Sources */ = {isa = PBXBuildFile; fileRef = 79BAC0E229BC659D006822B9 /* ItemListView.swift */; };
		79BAC0E729BC7148006822B9 /* TabBarView.swift in Sources */ = {isa = PBXBuildFile; fileRef = 79BAC0E629BC7148006822B9 /* TabBarView.swift */; };
		79BAC0EA29BC751E006822B9 /* TabModel.swift in Sources */ = {isa = PBXBuildFile; fileRef = 79BAC0E929BC751E006822B9 /* TabModel.swift */; };
		79BD2C3E29DABCD90026F1F2 /* WidgetKit.framework in Frameworks */ = {isa = PBXBuildFile; fileRef = 79BD2C3D29DABCD90026F1F2 /* WidgetKit.framework */; };
		79BD2C4029DABCD90026F1F2 /* SwiftUI.framework in Frameworks */ = {isa = PBXBuildFile; fileRef = 79BD2C3F29DABCD90026F1F2 /* SwiftUI.framework */; };
		79BD2C4329DABCD90026F1F2 /* DaySnapWidgetBundle.swift in Sources */ = {isa = PBXBuildFile; fileRef = 79BD2C4229DABCD90026F1F2 /* DaySnapWidgetBundle.swift */; };
		79BD2C4529DABCD90026F1F2 /* DaySnapWidgetLiveActivity.swift in Sources */ = {isa = PBXBuildFile; fileRef = 79BD2C4429DABCD90026F1F2 /* DaySnapWidgetLiveActivity.swift */; };
		79BD2C4729DABCD90026F1F2 /* DaySnapWidget.swift in Sources */ = {isa = PBXBuildFile; fileRef = 79BD2C4629DABCD90026F1F2 /* DaySnapWidget.swift */; };
		79BD2C4929DABCDB0026F1F2 /* Assets.xcassets in Resources */ = {isa = PBXBuildFile; fileRef = 79BD2C4829DABCDB0026F1F2 /* Assets.xcassets */; };
		79BD2C4D29DABCDB0026F1F2 /* DaySnapWidgetExtension.appex in Embed Foundation Extensions */ = {isa = PBXBuildFile; fileRef = 79BD2C3B29DABCD90026F1F2 /* DaySnapWidgetExtension.appex */; settings = {ATTRIBUTES = (RemoveHeadersOnCopy, ); }; };
		79BD2C5329DAF67C0026F1F2 /* Assets.xcassets in Resources */ = {isa = PBXBuildFile; fileRef = 79BAC0CD29BC5222006822B9 /* Assets.xcassets */; };
		79CE956329DD6BD400289A9E /* DataController.swift in Sources */ = {isa = PBXBuildFile; fileRef = 79CE956229DD6BD400289A9E /* DataController.swift */; };
		79CE956529DD6E1000289A9E /* test_2.swift in Sources */ = {isa = PBXBuildFile; fileRef = 79CE956429DD6E1000289A9E /* test_2.swift */; };
/* End PBXBuildFile section */

/* Begin PBXContainerItemProxy section */
		79BD2C4B29DABCDB0026F1F2 /* PBXContainerItemProxy */ = {
			isa = PBXContainerItemProxy;
			containerPortal = 79BAC0BE29BC5221006822B9 /* Project object */;
			proxyType = 1;
			remoteGlobalIDString = 79BD2C3A29DABCD90026F1F2;
			remoteInfo = DaySnapWidgetExtension;
		};
/* End PBXContainerItemProxy section */

/* Begin PBXCopyFilesBuildPhase section */
		79BD2C4E29DABCDB0026F1F2 /* Embed Foundation Extensions */ = {
			isa = PBXCopyFilesBuildPhase;
			buildActionMask = 2147483647;
			dstPath = "";
			dstSubfolderSpec = 13;
			files = (
				79BD2C4D29DABCDB0026F1F2 /* DaySnapWidgetExtension.appex in Embed Foundation Extensions */,
			);
			name = "Embed Foundation Extensions";
			runOnlyForDeploymentPostprocessing = 0;
		};
/* End PBXCopyFilesBuildPhase section */

/* Begin PBXFileReference section */
		7903A5E729BDACB400A71CC5 /* AddView.swift */ = {isa = PBXFileReference; lastKnownFileType = sourcecode.swift; path = AddView.swift; sourceTree = "<group>"; };
		7903A5E929BDB72E00A71CC5 /* Styles.swift */ = {isa = PBXFileReference; lastKnownFileType = sourcecode.swift; path = Styles.swift; sourceTree = "<group>"; };
		7903A5EB29BDC10200A71CC5 /* MeView.swift */ = {isa = PBXFileReference; lastKnownFileType = sourcecode.swift; path = MeView.swift; sourceTree = "<group>"; };
		7907E6CC29BEEE6100C141F2 /* CusDatePickerView.swift */ = {isa = PBXFileReference; lastKnownFileType = sourcecode.swift; path = CusDatePickerView.swift; sourceTree = "<group>"; };
		7907E6D629BF15E000C141F2 /* InputLimit.swift */ = {isa = PBXFileReference; lastKnownFileType = sourcecode.swift; path = InputLimit.swift; sourceTree = "<group>"; };
		7909779329DD412D004A696C /* Provider.swift */ = {isa = PBXFileReference; lastKnownFileType = sourcecode.swift; path = Provider.swift; sourceTree = "<group>"; };
		7909779529DD4171004A696C /* SimpleEntry.swift */ = {isa = PBXFileReference; lastKnownFileType = sourcecode.swift; path = SimpleEntry.swift; sourceTree = "<group>"; };
		7909779729DD41C0004A696C /* WidgetView.swift */ = {isa = PBXFileReference; lastKnownFileType = sourcecode.swift; path = WidgetView.swift; sourceTree = "<group>"; };
		7909779B29DD5CD5004A696C /* DaySnap.entitlements */ = {isa = PBXFileReference; lastKnownFileType = text.plist.entitlements; path = DaySnap.entitlements; sourceTree = "<group>"; };
		7909779C29DD5CE3004A696C /* DaySnapWidgetExtension.entitlements */ = {isa = PBXFileReference; lastKnownFileType = text.plist.entitlements; path = DaySnapWidgetExtension.entitlements; sourceTree = "<group>"; };
		791411B429C194D800915867 /* SuccessView.swift */ = {isa = PBXFileReference; lastKnownFileType = sourcecode.swift; path = SuccessView.swift; sourceTree = "<group>"; };
		791411B629C19B3500915867 /* WarnView.swift */ = {isa = PBXFileReference; lastKnownFileType = sourcecode.swift; path = WarnView.swift; sourceTree = "<group>"; };
		791411B829C1AA2600915867 /* ToCheckinView.swift */ = {isa = PBXFileReference; lastKnownFileType = sourcecode.swift; path = ToCheckinView.swift; sourceTree = "<group>"; };
		792002BC29ED1064001F9C6E /* DaySnap.xcdatamodel */ = {isa = PBXFileReference; lastKnownFileType = wrapper.xcdatamodel; path = DaySnap.xcdatamodel; sourceTree = "<group>"; };
		792002BF29ED1D64001F9C6E /* ReminderModel.swift */ = {isa = PBXFileReference; lastKnownFileType = sourcecode.swift; path = ReminderModel.swift; sourceTree = "<group>"; };
		795BB3FA29C2F51A00A45984 /* HomeViewModel.swift */ = {isa = PBXFileReference; lastKnownFileType = sourcecode.swift; path = HomeViewModel.swift; sourceTree = "<group>"; };
		79641DB029E91CAA00D2642F /* CountDownFilter.swift */ = {isa = PBXFileReference; lastKnownFileType = sourcecode.swift; path = CountDownFilter.swift; sourceTree = "<group>"; };
		79641DB229E9417700D2642F /* PayWallView.swift */ = {isa = PBXFileReference; lastKnownFileType = sourcecode.swift; path = PayWallView.swift; sourceTree = "<group>"; };
		79641DB429E971C400D2642F /* InfoRow.swift */ = {isa = PBXFileReference; lastKnownFileType = sourcecode.swift; path = InfoRow.swift; sourceTree = "<group>"; };
		79676F6E29EA7CD4004BC7BA /* StoreKit.framework */ = {isa = PBXFileReference; lastKnownFileType = wrapper.framework; name = StoreKit.framework; path = System/Library/Frameworks/StoreKit.framework; sourceTree = SDKROOT; };
		79676F7029EA811B004BC7BA /* Extensions.swift */ = {isa = PBXFileReference; lastKnownFileType = sourcecode.swift; path = Extensions.swift; sourceTree = "<group>"; };
		7972C95729ED867200CE5CAF /* WeatherAttributionView.swift */ = {isa = PBXFileReference; lastKnownFileType = sourcecode.swift; path = WeatherAttributionView.swift; sourceTree = "<group>"; };
		79754BCD29DBE4420075F198 /* Notification.swift */ = {isa = PBXFileReference; lastKnownFileType = sourcecode.swift; path = Notification.swift; sourceTree = "<group>"; };
		79754BD129DBEC700075F198 /* test_1.swift */ = {isa = PBXFileReference; lastKnownFileType = sourcecode.swift; path = test_1.swift; sourceTree = "<group>"; };
		7976962B29EBBC1800BD8632 /* UserViewModel.swift */ = {isa = PBXFileReference; lastKnownFileType = sourcecode.swift; path = UserViewModel.swift; sourceTree = "<group>"; };
		7976962D29EBDAF800BD8632 /* EditCheckinView.swift */ = {isa = PBXFileReference; lastKnownFileType = sourcecode.swift; path = EditCheckinView.swift; sourceTree = "<group>"; };
		7976962F29EBDFD600BD8632 /* StatusModel.swift */ = {isa = PBXFileReference; lastKnownFileType = sourcecode.swift; path = StatusModel.swift; sourceTree = "<group>"; };
		7976963129EBE1AB00BD8632 /* CheckInFilter.swift */ = {isa = PBXFileReference; lastKnownFileType = sourcecode.swift; path = CheckInFilter.swift; sourceTree = "<group>"; };
		7976963329EC282F00BD8632 /* CategoryManageView.swift */ = {isa = PBXFileReference; lastKnownFileType = sourcecode.swift; path = CategoryManageView.swift; sourceTree = "<group>"; };
		7976963529EC297400BD8632 /* CategoryManager.swift */ = {isa = PBXFileReference; lastKnownFileType = sourcecode.swift; path = CategoryManager.swift; sourceTree = "<group>"; };
		797AC7B929DFD16200AAAA4F /* CheckInView.swift */ = {isa = PBXFileReference; lastKnownFileType = sourcecode.swift; path = CheckInView.swift; sourceTree = "<group>"; };
		797AC7BB29DFDD2300AAAA4F /* CountDownRow.swift */ = {isa = PBXFileReference; lastKnownFileType = sourcecode.swift; path = CountDownRow.swift; sourceTree = "<group>"; };
		797AC7BD29DFE72500AAAA4F /* CheckInRow.swift */ = {isa = PBXFileReference; lastKnownFileType = sourcecode.swift; path = CheckInRow.swift; sourceTree = "<group>"; };
		797F6C8529E7E79C00567ADC /* UserEditView.swift */ = {isa = PBXFileReference; lastKnownFileType = sourcecode.swift; path = UserEditView.swift; sourceTree = "<group>"; };
		7981060429C82861004D38F0 /* EditView.swift */ = {isa = PBXFileReference; lastKnownFileType = sourcecode.swift; path = EditView.swift; sourceTree = "<group>"; };
		7985B03F29C0372F003FCDDB /* InputWithIconView.swift */ = {isa = PBXFileReference; lastKnownFileType = sourcecode.swift; path = InputWithIconView.swift; sourceTree = "<group>"; };
		7985B04129C03BB3003FCDDB /* NumberOnlyTextField.swift */ = {isa = PBXFileReference; lastKnownFileType = sourcecode.swift; path = NumberOnlyTextField.swift; sourceTree = "<group>"; };
		7985B04629C06B76003FCDDB /* SignInWithApple.swift */ = {isa = PBXFileReference; lastKnownFileType = sourcecode.swift; path = SignInWithApple.swift; sourceTree = "<group>"; };
		799AFE7E29E407E70045D7C5 /* LocationManager.swift */ = {isa = PBXFileReference; lastKnownFileType = sourcecode.swift; path = LocationManager.swift; sourceTree = "<group>"; };
		799AFE8029E43C900045D7C5 /* WeatherKitManager.swift */ = {isa = PBXFileReference; lastKnownFileType = sourcecode.swift; path = WeatherKitManager.swift; sourceTree = "<group>"; };
		79A2A66829E52C320020B27E /* CategoryModel.swift */ = {isa = PBXFileReference; lastKnownFileType = sourcecode.swift; path = CategoryModel.swift; sourceTree = "<group>"; };
		79A2A66A29E544240020B27E /* LaunchScreenView.swift */ = {isa = PBXFileReference; lastKnownFileType = sourcecode.swift; path = LaunchScreenView.swift; sourceTree = "<group>"; };
		79A7340129D01D6D00D6409E /* DeleteView.swift */ = {isa = PBXFileReference; lastKnownFileType = sourcecode.swift; path = DeleteView.swift; sourceTree = "<group>"; };
		79AEFA3F29DEB78D00DF1FC6 /* CountdownView.swift */ = {isa = PBXFileReference; lastKnownFileType = sourcecode.swift; path = CountdownView.swift; sourceTree = "<group>"; };
		79AEFA4129DECC2100DF1FC6 /* functions.swift */ = {isa = PBXFileReference; lastKnownFileType = sourcecode.swift; path = functions.swift; sourceTree = "<group>"; };
		79BAC0C629BC5221006822B9 /* DaySnap.app */ = {isa = PBXFileReference; explicitFileType = wrapper.application; includeInIndex = 0; path = DaySnap.app; sourceTree = BUILT_PRODUCTS_DIR; };
		79BAC0C929BC5221006822B9 /* DaySnapApp.swift */ = {isa = PBXFileReference; lastKnownFileType = sourcecode.swift; path = DaySnapApp.swift; sourceTree = "<group>"; };
		79BAC0CB29BC5221006822B9 /* ContentView.swift */ = {isa = PBXFileReference; lastKnownFileType = sourcecode.swift; path = ContentView.swift; sourceTree = "<group>"; };
		79BAC0CD29BC5222006822B9 /* Assets.xcassets */ = {isa = PBXFileReference; lastKnownFileType = folder.assetcatalog; path = Assets.xcassets; sourceTree = "<group>"; };
		79BAC0D029BC5222006822B9 /* Preview Assets.xcassets */ = {isa = PBXFileReference; lastKnownFileType = folder.assetcatalog; path = "Preview Assets.xcassets"; sourceTree = "<group>"; };
		79BAC0D829BC53E6006822B9 /* HeaderView.swift */ = {isa = PBXFileReference; lastKnownFileType = sourcecode.swift; path = HeaderView.swift; sourceTree = "<group>"; };
		79BAC0DA29BC5A60006822B9 /* SwitchView.swift */ = {isa = PBXFileReference; lastKnownFileType = sourcecode.swift; path = SwitchView.swift; sourceTree = "<group>"; };
		79BAC0E029BC61D0006822B9 /* HomeView.swift */ = {isa = PBXFileReference; lastKnownFileType = sourcecode.swift; path = HomeView.swift; sourceTree = "<group>"; };
		79BAC0E229BC659D006822B9 /* ItemListView.swift */ = {isa = PBXFileReference; lastKnownFileType = sourcecode.swift; path = ItemListView.swift; sourceTree = "<group>"; };
		79BAC0E629BC7148006822B9 /* TabBarView.swift */ = {isa = PBXFileReference; lastKnownFileType = sourcecode.swift; path = TabBarView.swift; sourceTree = "<group>"; };
		79BAC0E929BC751E006822B9 /* TabModel.swift */ = {isa = PBXFileReference; lastKnownFileType = sourcecode.swift; path = TabModel.swift; sourceTree = "<group>"; };
		79BD2C3B29DABCD90026F1F2 /* DaySnapWidgetExtension.appex */ = {isa = PBXFileReference; explicitFileType = "wrapper.app-extension"; includeInIndex = 0; path = DaySnapWidgetExtension.appex; sourceTree = BUILT_PRODUCTS_DIR; };
		79BD2C3D29DABCD90026F1F2 /* WidgetKit.framework */ = {isa = PBXFileReference; lastKnownFileType = wrapper.framework; name = WidgetKit.framework; path = System/Library/Frameworks/WidgetKit.framework; sourceTree = SDKROOT; };
		79BD2C3F29DABCD90026F1F2 /* SwiftUI.framework */ = {isa = PBXFileReference; lastKnownFileType = wrapper.framework; name = SwiftUI.framework; path = System/Library/Frameworks/SwiftUI.framework; sourceTree = SDKROOT; };
		79BD2C4229DABCD90026F1F2 /* DaySnapWidgetBundle.swift */ = {isa = PBXFileReference; lastKnownFileType = sourcecode.swift; path = DaySnapWidgetBundle.swift; sourceTree = "<group>"; };
		79BD2C4429DABCD90026F1F2 /* DaySnapWidgetLiveActivity.swift */ = {isa = PBXFileReference; lastKnownFileType = sourcecode.swift; path = DaySnapWidgetLiveActivity.swift; sourceTree = "<group>"; };
		79BD2C4629DABCD90026F1F2 /* DaySnapWidget.swift */ = {isa = PBXFileReference; lastKnownFileType = sourcecode.swift; path = DaySnapWidget.swift; sourceTree = "<group>"; };
		79BD2C4829DABCDB0026F1F2 /* Assets.xcassets */ = {isa = PBXFileReference; lastKnownFileType = folder.assetcatalog; path = Assets.xcassets; sourceTree = "<group>"; };
		79BD2C4A29DABCDB0026F1F2 /* Info.plist */ = {isa = PBXFileReference; lastKnownFileType = text.plist.xml; path = Info.plist; sourceTree = "<group>"; };
		79BD2C5229DAC0800026F1F2 /* Info.plist */ = {isa = PBXFileReference; lastKnownFileType = text.plist; path = Info.plist; sourceTree = "<group>"; };
		79CE956229DD6BD400289A9E /* DataController.swift */ = {isa = PBXFileReference; lastKnownFileType = sourcecode.swift; name = DataController.swift; path = ../utility/DataController.swift; sourceTree = "<group>"; };
		79CE956429DD6E1000289A9E /* test_2.swift */ = {isa = PBXFileReference; lastKnownFileType = sourcecode.swift; path = test_2.swift; sourceTree = "<group>"; };
/* End PBXFileReference section */

/* Begin PBXFrameworksBuildPhase section */
		79BAC0C329BC5221006822B9 /* Frameworks */ = {
			isa = PBXFrameworksBuildPhase;
			buildActionMask = 2147483647;
			files = (
				79641DB829E97C8300D2642F /* RevenueCat in Frameworks */,
				79676F6F29EA7CD4004BC7BA /* StoreKit.framework in Frameworks */,
			);
			runOnlyForDeploymentPostprocessing = 0;
		};
		79BD2C3829DABCD90026F1F2 /* Frameworks */ = {
			isa = PBXFrameworksBuildPhase;
			buildActionMask = 2147483647;
			files = (
				79BD2C4029DABCD90026F1F2 /* SwiftUI.framework in Frameworks */,
				79BD2C3E29DABCD90026F1F2 /* WidgetKit.framework in Frameworks */,
			);
			runOnlyForDeploymentPostprocessing = 0;
		};
/* End PBXFrameworksBuildPhase section */

/* Begin PBXGroup section */
		79754BCC29DBE3DF0075F198 /* utility */ = {
			isa = PBXGroup;
			children = (
				79754BCD29DBE4420075F198 /* Notification.swift */,
				79AEFA4129DECC2100DF1FC6 /* functions.swift */,
				799AFE7E29E407E70045D7C5 /* LocationManager.swift */,
				799AFE8029E43C900045D7C5 /* WeatherKitManager.swift */,
				79641DB029E91CAA00D2642F /* CountDownFilter.swift */,
				79676F7029EA811B004BC7BA /* Extensions.swift */,
				7976963129EBE1AB00BD8632 /* CheckInFilter.swift */,
				7976963529EC297400BD8632 /* CategoryManager.swift */,
			);
			path = utility;
			sourceTree = "<group>";
		};
		79BAC0BD29BC5221006822B9 = {
			isa = PBXGroup;
			children = (
				7909779C29DD5CE3004A696C /* DaySnapWidgetExtension.entitlements */,
				79BAC0C829BC5221006822B9 /* DaySnap */,
				79BD2C4129DABCD90026F1F2 /* DaySnapWidget */,
				79BD2C3C29DABCD90026F1F2 /* Frameworks */,
				79BAC0C729BC5221006822B9 /* Products */,
			);
			sourceTree = "<group>";
		};
		79BAC0C729BC5221006822B9 /* Products */ = {
			isa = PBXGroup;
			children = (
				79BAC0C629BC5221006822B9 /* DaySnap.app */,
				79BD2C3B29DABCD90026F1F2 /* DaySnapWidgetExtension.appex */,
			);
			name = Products;
			sourceTree = "<group>";
		};
		79BAC0C829BC5221006822B9 /* DaySnap */ = {
			isa = PBXGroup;
			children = (
				792002BB29ED1064001F9C6E /* DaySnap.xcdatamodeld */,
				7909779B29DD5CD5004A696C /* DaySnap.entitlements */,
				79BD2C5229DAC0800026F1F2 /* Info.plist */,
				79BAC0D729BC53CF006822B9 /* View */,
				79BAC0E829BC7511006822B9 /* Model */,
				79BAC0DF29BC61A3006822B9 /* Components */,
				79BAC0DC29BC5EAB006822B9 /* Extensions */,
				79754BCC29DBE3DF0075F198 /* utility */,
				79BAC0C929BC5221006822B9 /* DaySnapApp.swift */,
				79BAC0CB29BC5221006822B9 /* ContentView.swift */,
				79BAC0CD29BC5222006822B9 /* Assets.xcassets */,
				79BAC0CF29BC5222006822B9 /* Preview Content */,
				79754BD129DBEC700075F198 /* test_1.swift */,
				79CE956429DD6E1000289A9E /* test_2.swift */,
			);
			path = DaySnap;
			sourceTree = "<group>";
		};
		79BAC0CF29BC5222006822B9 /* Preview Content */ = {
			isa = PBXGroup;
			children = (
				79BAC0D029BC5222006822B9 /* Preview Assets.xcassets */,
			);
			path = "Preview Content";
			sourceTree = "<group>";
		};
		79BAC0D729BC53CF006822B9 /* View */ = {
			isa = PBXGroup;
			children = (
				79BAC0E029BC61D0006822B9 /* HomeView.swift */,
				79BAC0E229BC659D006822B9 /* ItemListView.swift */,
				79BAC0E629BC7148006822B9 /* TabBarView.swift */,
				7903A5E729BDACB400A71CC5 /* AddView.swift */,
				7903A5EB29BDC10200A71CC5 /* MeView.swift */,
				7981060429C82861004D38F0 /* EditView.swift */,
				79AEFA3F29DEB78D00DF1FC6 /* CountdownView.swift */,
				797AC7B929DFD16200AAAA4F /* CheckInView.swift */,
				79A2A66A29E544240020B27E /* LaunchScreenView.swift */,
				79641DB229E9417700D2642F /* PayWallView.swift */,
				7976962D29EBDAF800BD8632 /* EditCheckinView.swift */,
				7976963329EC282F00BD8632 /* CategoryManageView.swift */,
			);
			path = View;
			sourceTree = "<group>";
		};
		79BAC0DC29BC5EAB006822B9 /* Extensions */ = {
			isa = PBXGroup;
			children = (
				7903A5E929BDB72E00A71CC5 /* Styles.swift */,
				7907E6D629BF15E000C141F2 /* InputLimit.swift */,
			);
			path = Extensions;
			sourceTree = "<group>";
		};
		79BAC0DF29BC61A3006822B9 /* Components */ = {
			isa = PBXGroup;
			children = (
				79CE957D29DD90F600289A9E /* Add */,
				79CE957C29DD90EC00289A9E /* Home */,
				7985B04629C06B76003FCDDB /* SignInWithApple.swift */,
				791411B429C194D800915867 /* SuccessView.swift */,
				791411B629C19B3500915867 /* WarnView.swift */,
				791411B829C1AA2600915867 /* ToCheckinView.swift */,
				79A7340129D01D6D00D6409E /* DeleteView.swift */,
				797F6C8529E7E79C00567ADC /* UserEditView.swift */,
				79641DB429E971C400D2642F /* InfoRow.swift */,
			);
			path = Components;
			sourceTree = "<group>";
		};
		79BAC0E829BC7511006822B9 /* Model */ = {
			isa = PBXGroup;
			children = (
				79CE956229DD6BD400289A9E /* DataController.swift */,
				79BAC0E929BC751E006822B9 /* TabModel.swift */,
				795BB3FA29C2F51A00A45984 /* HomeViewModel.swift */,
				79A2A66829E52C320020B27E /* CategoryModel.swift */,
				7976962B29EBBC1800BD8632 /* UserViewModel.swift */,
				7976962F29EBDFD600BD8632 /* StatusModel.swift */,
				792002BF29ED1D64001F9C6E /* ReminderModel.swift */,
			);
			path = Model;
			sourceTree = "<group>";
		};
		79BD2C3C29DABCD90026F1F2 /* Frameworks */ = {
			isa = PBXGroup;
			children = (
				79676F6E29EA7CD4004BC7BA /* StoreKit.framework */,
				79BD2C3D29DABCD90026F1F2 /* WidgetKit.framework */,
				79BD2C3F29DABCD90026F1F2 /* SwiftUI.framework */,
			);
			name = Frameworks;
			sourceTree = "<group>";
		};
		79BD2C4129DABCD90026F1F2 /* DaySnapWidget */ = {
			isa = PBXGroup;
			children = (
				79BD2C4229DABCD90026F1F2 /* DaySnapWidgetBundle.swift */,
				79BD2C4429DABCD90026F1F2 /* DaySnapWidgetLiveActivity.swift */,
				79BD2C4629DABCD90026F1F2 /* DaySnapWidget.swift */,
				79BD2C4829DABCDB0026F1F2 /* Assets.xcassets */,
				79BD2C4A29DABCDB0026F1F2 /* Info.plist */,
				7909779329DD412D004A696C /* Provider.swift */,
				7909779529DD4171004A696C /* SimpleEntry.swift */,
				7909779729DD41C0004A696C /* WidgetView.swift */,
			);
			path = DaySnapWidget;
			sourceTree = "<group>";
		};
		79CE957C29DD90EC00289A9E /* Home */ = {
			isa = PBXGroup;
			children = (
				79BAC0D829BC53E6006822B9 /* HeaderView.swift */,
				79BAC0DA29BC5A60006822B9 /* SwitchView.swift */,
				797AC7BB29DFDD2300AAAA4F /* CountDownRow.swift */,
				797AC7BD29DFE72500AAAA4F /* CheckInRow.swift */,
				7972C95729ED867200CE5CAF /* WeatherAttributionView.swift */,
			);
			path = Home;
			sourceTree = "<group>";
		};
		79CE957D29DD90F600289A9E /* Add */ = {
			isa = PBXGroup;
			children = (
				7985B04129C03BB3003FCDDB /* NumberOnlyTextField.swift */,
				7985B03F29C0372F003FCDDB /* InputWithIconView.swift */,
				7907E6CC29BEEE6100C141F2 /* CusDatePickerView.swift */,
			);
			path = Add;
			sourceTree = "<group>";
		};
/* End PBXGroup section */

/* Begin PBXNativeTarget section */
		79BAC0C529BC5221006822B9 /* DaySnap */ = {
			isa = PBXNativeTarget;
			buildConfigurationList = 79BAC0D429BC5222006822B9 /* Build configuration list for PBXNativeTarget "DaySnap" */;
			buildPhases = (
				79BAC0C229BC5221006822B9 /* Sources */,
				79BAC0C329BC5221006822B9 /* Frameworks */,
				79BAC0C429BC5221006822B9 /* Resources */,
				79BD2C4E29DABCDB0026F1F2 /* Embed Foundation Extensions */,
			);
			buildRules = (
			);
			dependencies = (
				79BD2C4C29DABCDB0026F1F2 /* PBXTargetDependency */,
			);
			name = DaySnap;
			packageProductDependencies = (
				79641DB729E97C8300D2642F /* RevenueCat */,
			);
			productName = DaySnap;
			productReference = 79BAC0C629BC5221006822B9 /* DaySnap.app */;
			productType = "com.apple.product-type.application";
		};
		79BD2C3A29DABCD90026F1F2 /* DaySnapWidgetExtension */ = {
			isa = PBXNativeTarget;
			buildConfigurationList = 79BD2C5129DABCDB0026F1F2 /* Build configuration list for PBXNativeTarget "DaySnapWidgetExtension" */;
			buildPhases = (
				79BD2C3729DABCD90026F1F2 /* Sources */,
				79BD2C3829DABCD90026F1F2 /* Frameworks */,
				79BD2C3929DABCD90026F1F2 /* Resources */,
			);
			buildRules = (
			);
			dependencies = (
			);
			name = DaySnapWidgetExtension;
			productName = DaySnapWidgetExtension;
			productReference = 79BD2C3B29DABCD90026F1F2 /* DaySnapWidgetExtension.appex */;
			productType = "com.apple.product-type.app-extension";
		};
/* End PBXNativeTarget section */

/* Begin PBXProject section */
		79BAC0BE29BC5221006822B9 /* Project object */ = {
			isa = PBXProject;
			attributes = {
				BuildIndependentTargetsInParallel = 1;
				LastSwiftUpdateCheck = 1430;
				LastUpgradeCheck = 1430;
				TargetAttributes = {
					79BAC0C529BC5221006822B9 = {
						CreatedOnToolsVersion = 14.2;
					};
					79BD2C3A29DABCD90026F1F2 = {
						CreatedOnToolsVersion = 14.3;
					};
				};
			};
			buildConfigurationList = 79BAC0C129BC5221006822B9 /* Build configuration list for PBXProject "DaySnap" */;
			compatibilityVersion = "Xcode 14.0";
			developmentRegion = "zh-Hans";
			hasScannedForEncodings = 0;
			knownRegions = (
				en,
				Base,
				"zh-Hans",
			);
			mainGroup = 79BAC0BD29BC5221006822B9;
			packageReferences = (
				79641DB629E97C8300D2642F /* XCRemoteSwiftPackageReference "purchases-ios" */,
			);
			productRefGroup = 79BAC0C729BC5221006822B9 /* Products */;
			projectDirPath = "";
			projectRoot = "";
			targets = (
				79BAC0C529BC5221006822B9 /* DaySnap */,
				79BD2C3A29DABCD90026F1F2 /* DaySnapWidgetExtension */,
			);
		};
/* End PBXProject section */

/* Begin PBXResourcesBuildPhase section */
		79BAC0C429BC5221006822B9 /* Resources */ = {
			isa = PBXResourcesBuildPhase;
			buildActionMask = 2147483647;
			files = (
				79BAC0D129BC5222006822B9 /* Preview Assets.xcassets in Resources */,
				79BAC0CE29BC5222006822B9 /* Assets.xcassets in Resources */,
			);
			runOnlyForDeploymentPostprocessing = 0;
		};
		79BD2C3929DABCD90026F1F2 /* Resources */ = {
			isa = PBXResourcesBuildPhase;
			buildActionMask = 2147483647;
			files = (
				79BD2C5329DAF67C0026F1F2 /* Assets.xcassets in Resources */,
				79BD2C4929DABCDB0026F1F2 /* Assets.xcassets in Resources */,
			);
			runOnlyForDeploymentPostprocessing = 0;
		};
/* End PBXResourcesBuildPhase section */

/* Begin PBXSourcesBuildPhase section */
		79BAC0C229BC5221006822B9 /* Sources */ = {
			isa = PBXSourcesBuildPhase;
			buildActionMask = 2147483647;
			files = (
				7907E6CD29BEEE6100C141F2 /* CusDatePickerView.swift in Sources */,
				79A2A66B29E544240020B27E /* LaunchScreenView.swift in Sources */,
				7981060529C82861004D38F0 /* EditView.swift in Sources */,
				79641DB529E971C400D2642F /* InfoRow.swift in Sources */,
				7903A5EC29BDC10200A71CC5 /* MeView.swift in Sources */,
				792002C029ED1D64001F9C6E /* ReminderModel.swift in Sources */,
				7976962C29EBBC1800BD8632 /* UserViewModel.swift in Sources */,
				7903A5EA29BDB72E00A71CC5 /* Styles.swift in Sources */,
				79BAC0EA29BC751E006822B9 /* TabModel.swift in Sources */,
				79BAC0DB29BC5A60006822B9 /* SwitchView.swift in Sources */,
				7903A5E829BDACB400A71CC5 /* AddView.swift in Sources */,
				79BAC0E329BC659D006822B9 /* ItemListView.swift in Sources */,
				79754BD229DBEC700075F198 /* test_1.swift in Sources */,
				79BAC0E729BC7148006822B9 /* TabBarView.swift in Sources */,
				79676F7129EA811B004BC7BA /* Extensions.swift in Sources */,
				7976963229EBE1AB00BD8632 /* CheckInFilter.swift in Sources */,
				7976963029EBDFD600BD8632 /* StatusModel.swift in Sources */,
				79AEFA4029DEB78D00DF1FC6 /* CountdownView.swift in Sources */,
				79BAC0CC29BC5221006822B9 /* ContentView.swift in Sources */,
				7907E6D729BF15E000C141F2 /* InputLimit.swift in Sources */,
				7976962E29EBDAF800BD8632 /* EditCheckinView.swift in Sources */,
				799AFE8129E43C900045D7C5 /* WeatherKitManager.swift in Sources */,
				79AEFA4229DECC2100DF1FC6 /* functions.swift in Sources */,
				79641DB329E9417700D2642F /* PayWallView.swift in Sources */,
				79641DB129E91CAA00D2642F /* CountDownFilter.swift in Sources */,
				79BAC0D929BC53E6006822B9 /* HeaderView.swift in Sources */,
				791411B529C194D800915867 /* SuccessView.swift in Sources */,
				79BAC0E129BC61D0006822B9 /* HomeView.swift in Sources */,
				799AFE7F29E407E70045D7C5 /* LocationManager.swift in Sources */,
				79CE956529DD6E1000289A9E /* test_2.swift in Sources */,
				797AC7BA29DFD16200AAAA4F /* CheckInView.swift in Sources */,
				79A7340229D01D6D00D6409E /* DeleteView.swift in Sources */,
				792002BD29ED1064001F9C6E /* DaySnap.xcdatamodeld in Sources */,
				7972C95829ED867200CE5CAF /* WeatherAttributionView.swift in Sources */,
				791411B729C19B3500915867 /* WarnView.swift in Sources */,
				79A2A66929E52C320020B27E /* CategoryModel.swift in Sources */,
				79BAC0CA29BC5221006822B9 /* DaySnapApp.swift in Sources */,
				7985B04729C06B76003FCDDB /* SignInWithApple.swift in Sources */,
				797F6C8629E7E79C00567ADC /* UserEditView.swift in Sources */,
				79754BCE29DBE4420075F198 /* Notification.swift in Sources */,
				7976963429EC282F00BD8632 /* CategoryManageView.swift in Sources */,
				797AC7BE29DFE72500AAAA4F /* CheckInRow.swift in Sources */,
				7976963629EC297400BD8632 /* CategoryManager.swift in Sources */,
				795BB3FB29C2F51A00A45984 /* HomeViewModel.swift in Sources */,
				797AC7BC29DFDD2300AAAA4F /* CountDownRow.swift in Sources */,
				7985B04029C0372F003FCDDB /* InputWithIconView.swift in Sources */,
				79CE956329DD6BD400289A9E /* DataController.swift in Sources */,
				791411B929C1AA2600915867 /* ToCheckinView.swift in Sources */,
				7985B04229C03BB3003FCDDB /* NumberOnlyTextField.swift in Sources */,
			);
			runOnlyForDeploymentPostprocessing = 0;
		};
		79BD2C3729DABCD90026F1F2 /* Sources */ = {
			isa = PBXSourcesBuildPhase;
			buildActionMask = 2147483647;
			files = (
				7909779629DD4171004A696C /* SimpleEntry.swift in Sources */,
				79BD2C4329DABCD90026F1F2 /* DaySnapWidgetBundle.swift in Sources */,
				7909779829DD41C0004A696C /* WidgetView.swift in Sources */,
				79BD2C4729DABCD90026F1F2 /* DaySnapWidget.swift in Sources */,
				792002BE29ED1136001F9C6E /* DaySnap.xcdatamodeld in Sources */,
				79A2A66729E52C150020B27E /* DataController.swift in Sources */,
				7909779429DD412D004A696C /* Provider.swift in Sources */,
				79BD2C4529DABCD90026F1F2 /* DaySnapWidgetLiveActivity.swift in Sources */,
			);
			runOnlyForDeploymentPostprocessing = 0;
		};
/* End PBXSourcesBuildPhase section */

/* Begin PBXTargetDependency section */
		79BD2C4C29DABCDB0026F1F2 /* PBXTargetDependency */ = {
			isa = PBXTargetDependency;
			target = 79BD2C3A29DABCD90026F1F2 /* DaySnapWidgetExtension */;
			targetProxy = 79BD2C4B29DABCDB0026F1F2 /* PBXContainerItemProxy */;
		};
/* End PBXTargetDependency section */

/* Begin XCBuildConfiguration section */
		79BAC0D229BC5222006822B9 /* Debug */ = {
			isa = XCBuildConfiguration;
			buildSettings = {
				ALWAYS_SEARCH_USER_PATHS = NO;
				CLANG_ANALYZER_LOCALIZABILITY_NONLOCALIZED = YES;
				CLANG_ANALYZER_NONNULL = YES;
				CLANG_ANALYZER_NUMBER_OBJECT_CONVERSION = YES_AGGRESSIVE;
				CLANG_CXX_LANGUAGE_STANDARD = "gnu++20";
				CLANG_ENABLE_MODULES = YES;
				CLANG_ENABLE_OBJC_ARC = YES;
				CLANG_ENABLE_OBJC_WEAK = YES;
				CLANG_WARN_BLOCK_CAPTURE_AUTORELEASING = YES;
				CLANG_WARN_BOOL_CONVERSION = YES;
				CLANG_WARN_COMMA = YES;
				CLANG_WARN_CONSTANT_CONVERSION = YES;
				CLANG_WARN_DEPRECATED_OBJC_IMPLEMENTATIONS = YES;
				CLANG_WARN_DIRECT_OBJC_ISA_USAGE = YES_ERROR;
				CLANG_WARN_DOCUMENTATION_COMMENTS = YES;
				CLANG_WARN_EMPTY_BODY = YES;
				CLANG_WARN_ENUM_CONVERSION = YES;
				CLANG_WARN_INFINITE_RECURSION = YES;
				CLANG_WARN_INT_CONVERSION = YES;
				CLANG_WARN_NON_LITERAL_NULL_CONVERSION = YES;
				CLANG_WARN_OBJC_IMPLICIT_RETAIN_SELF = YES;
				CLANG_WARN_OBJC_LITERAL_CONVERSION = YES;
				CLANG_WARN_OBJC_ROOT_CLASS = YES_ERROR;
				CLANG_WARN_QUOTED_INCLUDE_IN_FRAMEWORK_HEADER = YES;
				CLANG_WARN_RANGE_LOOP_ANALYSIS = YES;
				CLANG_WARN_STRICT_PROTOTYPES = YES;
				CLANG_WARN_SUSPICIOUS_MOVE = YES;
				CLANG_WARN_UNGUARDED_AVAILABILITY = YES_AGGRESSIVE;
				CLANG_WARN_UNREACHABLE_CODE = YES;
				CLANG_WARN__DUPLICATE_METHOD_MATCH = YES;
				COPY_PHASE_STRIP = NO;
				DEBUG_INFORMATION_FORMAT = dwarf;
				ENABLE_STRICT_OBJC_MSGSEND = YES;
				ENABLE_TESTABILITY = YES;
				GCC_C_LANGUAGE_STANDARD = gnu11;
				GCC_DYNAMIC_NO_PIC = NO;
				GCC_NO_COMMON_BLOCKS = YES;
				GCC_OPTIMIZATION_LEVEL = 0;
				GCC_PREPROCESSOR_DEFINITIONS = (
					"DEBUG=1",
					"$(inherited)",
				);
				GCC_WARN_64_TO_32_BIT_CONVERSION = YES;
				GCC_WARN_ABOUT_RETURN_TYPE = YES_ERROR;
				GCC_WARN_UNDECLARED_SELECTOR = YES;
				GCC_WARN_UNINITIALIZED_AUTOS = YES_AGGRESSIVE;
				GCC_WARN_UNUSED_FUNCTION = YES;
				GCC_WARN_UNUSED_VARIABLE = YES;
				IPHONEOS_DEPLOYMENT_TARGET = 16.4;
				MTL_ENABLE_DEBUG_INFO = INCLUDE_SOURCE;
				MTL_FAST_MATH = YES;
				ONLY_ACTIVE_ARCH = YES;
				SDKROOT = iphoneos;
				SWIFT_ACTIVE_COMPILATION_CONDITIONS = DEBUG;
				SWIFT_OPTIMIZATION_LEVEL = "-Onone";
			};
			name = Debug;
		};
		79BAC0D329BC5222006822B9 /* Release */ = {
			isa = XCBuildConfiguration;
			buildSettings = {
				ALWAYS_SEARCH_USER_PATHS = NO;
				CLANG_ANALYZER_LOCALIZABILITY_NONLOCALIZED = YES;
				CLANG_ANALYZER_NONNULL = YES;
				CLANG_ANALYZER_NUMBER_OBJECT_CONVERSION = YES_AGGRESSIVE;
				CLANG_CXX_LANGUAGE_STANDARD = "gnu++20";
				CLANG_ENABLE_MODULES = YES;
				CLANG_ENABLE_OBJC_ARC = YES;
				CLANG_ENABLE_OBJC_WEAK = YES;
				CLANG_WARN_BLOCK_CAPTURE_AUTORELEASING = YES;
				CLANG_WARN_BOOL_CONVERSION = YES;
				CLANG_WARN_COMMA = YES;
				CLANG_WARN_CONSTANT_CONVERSION = YES;
				CLANG_WARN_DEPRECATED_OBJC_IMPLEMENTATIONS = YES;
				CLANG_WARN_DIRECT_OBJC_ISA_USAGE = YES_ERROR;
				CLANG_WARN_DOCUMENTATION_COMMENTS = YES;
				CLANG_WARN_EMPTY_BODY = YES;
				CLANG_WARN_ENUM_CONVERSION = YES;
				CLANG_WARN_INFINITE_RECURSION = YES;
				CLANG_WARN_INT_CONVERSION = YES;
				CLANG_WARN_NON_LITERAL_NULL_CONVERSION = YES;
				CLANG_WARN_OBJC_IMPLICIT_RETAIN_SELF = YES;
				CLANG_WARN_OBJC_LITERAL_CONVERSION = YES;
				CLANG_WARN_OBJC_ROOT_CLASS = YES_ERROR;
				CLANG_WARN_QUOTED_INCLUDE_IN_FRAMEWORK_HEADER = YES;
				CLANG_WARN_RANGE_LOOP_ANALYSIS = YES;
				CLANG_WARN_STRICT_PROTOTYPES = YES;
				CLANG_WARN_SUSPICIOUS_MOVE = YES;
				CLANG_WARN_UNGUARDED_AVAILABILITY = YES_AGGRESSIVE;
				CLANG_WARN_UNREACHABLE_CODE = YES;
				CLANG_WARN__DUPLICATE_METHOD_MATCH = YES;
				COPY_PHASE_STRIP = NO;
				DEBUG_INFORMATION_FORMAT = "dwarf-with-dsym";
				ENABLE_NS_ASSERTIONS = NO;
				ENABLE_STRICT_OBJC_MSGSEND = YES;
				GCC_C_LANGUAGE_STANDARD = gnu11;
				GCC_NO_COMMON_BLOCKS = YES;
				GCC_WARN_64_TO_32_BIT_CONVERSION = YES;
				GCC_WARN_ABOUT_RETURN_TYPE = YES_ERROR;
				GCC_WARN_UNDECLARED_SELECTOR = YES;
				GCC_WARN_UNINITIALIZED_AUTOS = YES_AGGRESSIVE;
				GCC_WARN_UNUSED_FUNCTION = YES;
				GCC_WARN_UNUSED_VARIABLE = YES;
				IPHONEOS_DEPLOYMENT_TARGET = 16.4;
				MTL_ENABLE_DEBUG_INFO = NO;
				MTL_FAST_MATH = YES;
				SDKROOT = iphoneos;
				SWIFT_COMPILATION_MODE = wholemodule;
				SWIFT_OPTIMIZATION_LEVEL = "-O";
				VALIDATE_PRODUCT = YES;
			};
			name = Release;
		};
		79BAC0D529BC5222006822B9 /* Debug */ = {
			isa = XCBuildConfiguration;
			buildSettings = {
				ALWAYS_EMBED_SWIFT_STANDARD_LIBRARIES = YES;
				ASSETCATALOG_COMPILER_APPICON_NAME = AppIcon;
				ASSETCATALOG_COMPILER_GLOBAL_ACCENT_COLOR_NAME = AccentColor;
				CODE_SIGN_ENTITLEMENTS = DaySnap/DaySnap.entitlements;
				CODE_SIGN_IDENTITY = "Apple Development";
				CODE_SIGN_STYLE = Automatic;
				CURRENT_PROJECT_VERSION = 1;
				DEVELOPMENT_ASSET_PATHS = "\"DaySnap/Preview Content\"";
				DEVELOPMENT_TEAM = C33N6HTS9N;
				ENABLE_PREVIEWS = YES;
				GENERATE_INFOPLIST_FILE = YES;
				INFOPLIST_FILE = DaySnap/Info.plist;
				INFOPLIST_KEY_CFBundleDisplayName = "不知道数日 - 打卡";
				INFOPLIST_KEY_LSApplicationCategoryType = "public.app-category.utilities";
				INFOPLIST_KEY_NSLocationAlwaysAndWhenInUseUsageDescription = "我们需要您提供您的位置才能给您展示当前的天气状况。";
				INFOPLIST_KEY_NSLocationWhenInUseUsageDescription = "我们需要您提供您的位置才能给您展示当前的天气状况。";
				INFOPLIST_KEY_UIApplicationSceneManifest_Generation = YES;
				INFOPLIST_KEY_UIApplicationSupportsIndirectInputEvents = YES;
				INFOPLIST_KEY_UILaunchScreen_Generation = YES;
				INFOPLIST_KEY_UIStatusBarStyle = "";
				INFOPLIST_KEY_UISupportedInterfaceOrientations = UIInterfaceOrientationPortrait;
				INFOPLIST_KEY_UISupportedInterfaceOrientations_iPad = "UIInterfaceOrientationLandscapeLeft UIInterfaceOrientationLandscapeRight UIInterfaceOrientationPortrait UIInterfaceOrientationPortraitUpsideDown";
				IPHONEOS_DEPLOYMENT_TARGET = 16.0;
				LD_RUNPATH_SEARCH_PATHS = (
					"$(inherited)",
					"@executable_path/Frameworks",
				);
				MARKETING_VERSION = 1.0.4;
				PRODUCT_BUNDLE_IDENTIFIER = com.DoubleShy0N.DaySnap;
				PRODUCT_NAME = "$(TARGET_NAME)";
				PROVISIONING_PROFILE_SPECIFIER = "";
				SWIFT_EMIT_LOC_STRINGS = YES;
				SWIFT_VERSION = 5.0;
				TARGETED_DEVICE_FAMILY = "1,2";
			};
			name = Debug;
		};
		79BAC0D629BC5222006822B9 /* Release */ = {
			isa = XCBuildConfiguration;
			buildSettings = {
				ALWAYS_EMBED_SWIFT_STANDARD_LIBRARIES = YES;
				ASSETCATALOG_COMPILER_APPICON_NAME = AppIcon;
				ASSETCATALOG_COMPILER_GLOBAL_ACCENT_COLOR_NAME = AccentColor;
				CODE_SIGN_ENTITLEMENTS = DaySnap/DaySnap.entitlements;
				CODE_SIGN_IDENTITY = "Apple Development";
				CODE_SIGN_STYLE = Automatic;
				CURRENT_PROJECT_VERSION = 1;
				DEVELOPMENT_ASSET_PATHS = "\"DaySnap/Preview Content\"";
				DEVELOPMENT_TEAM = C33N6HTS9N;
				ENABLE_PREVIEWS = YES;
				GENERATE_INFOPLIST_FILE = YES;
				INFOPLIST_FILE = DaySnap/Info.plist;
				INFOPLIST_KEY_CFBundleDisplayName = "不知道数日 - 打卡";
				INFOPLIST_KEY_LSApplicationCategoryType = "public.app-category.utilities";
				INFOPLIST_KEY_NSLocationAlwaysAndWhenInUseUsageDescription = "我们需要您提供您的位置才能给您展示当前的天气状况。";
				INFOPLIST_KEY_NSLocationWhenInUseUsageDescription = "我们需要您提供您的位置才能给您展示当前的天气状况。";
				INFOPLIST_KEY_UIApplicationSceneManifest_Generation = YES;
				INFOPLIST_KEY_UIApplicationSupportsIndirectInputEvents = YES;
				INFOPLIST_KEY_UILaunchScreen_Generation = YES;
				INFOPLIST_KEY_UIStatusBarStyle = "";
				INFOPLIST_KEY_UISupportedInterfaceOrientations = UIInterfaceOrientationPortrait;
				INFOPLIST_KEY_UISupportedInterfaceOrientations_iPad = "UIInterfaceOrientationLandscapeLeft UIInterfaceOrientationLandscapeRight UIInterfaceOrientationPortrait UIInterfaceOrientationPortraitUpsideDown";
				IPHONEOS_DEPLOYMENT_TARGET = 16.0;
				LD_RUNPATH_SEARCH_PATHS = (
					"$(inherited)",
					"@executable_path/Frameworks",
				);
				MARKETING_VERSION = 1.0.4;
				PRODUCT_BUNDLE_IDENTIFIER = com.DoubleShy0N.DaySnap;
				PRODUCT_NAME = "$(TARGET_NAME)";
				PROVISIONING_PROFILE_SPECIFIER = "";
				SWIFT_EMIT_LOC_STRINGS = YES;
				SWIFT_VERSION = 5.0;
				TARGETED_DEVICE_FAMILY = "1,2";
			};
			name = Release;
		};
		79BD2C4F29DABCDB0026F1F2 /* Debug */ = {
			isa = XCBuildConfiguration;
			buildSettings = {
				ASSETCATALOG_COMPILER_GLOBAL_ACCENT_COLOR_NAME = AccentColor;
				ASSETCATALOG_COMPILER_WIDGET_BACKGROUND_COLOR_NAME = WidgetBackground;
				CODE_SIGN_ENTITLEMENTS = DaySnapWidgetExtension.entitlements;
				CODE_SIGN_STYLE = Automatic;
				CURRENT_PROJECT_VERSION = 1;
				DEVELOPMENT_TEAM = C33N6HTS9N;
				GENERATE_INFOPLIST_FILE = YES;
				INFOPLIST_FILE = DaySnapWidget/Info.plist;
				INFOPLIST_KEY_CFBundleDisplayName = DaySnapWidget;
				INFOPLIST_KEY_NSHumanReadableCopyright = "";
				IPHONEOS_DEPLOYMENT_TARGET = 16.4;
				LD_RUNPATH_SEARCH_PATHS = (
					"$(inherited)",
					"@executable_path/Frameworks",
					"@executable_path/../../Frameworks",
				);
				MARKETING_VERSION = 1.0.4;
				PRODUCT_BUNDLE_IDENTIFIER = com.DoubleShy0N.DaySnap.DaySnapWidget;
				PRODUCT_NAME = "$(TARGET_NAME)";
				SKIP_INSTALL = YES;
				SWIFT_EMIT_LOC_STRINGS = YES;
				SWIFT_VERSION = 5.0;
				TARGETED_DEVICE_FAMILY = "1,2";
			};
			name = Debug;
		};
		79BD2C5029DABCDB0026F1F2 /* Release */ = {
			isa = XCBuildConfiguration;
			buildSettings = {
				ASSETCATALOG_COMPILER_GLOBAL_ACCENT_COLOR_NAME = AccentColor;
				ASSETCATALOG_COMPILER_WIDGET_BACKGROUND_COLOR_NAME = WidgetBackground;
				CODE_SIGN_ENTITLEMENTS = DaySnapWidgetExtension.entitlements;
				CODE_SIGN_STYLE = Automatic;
				CURRENT_PROJECT_VERSION = 1;
				DEVELOPMENT_TEAM = C33N6HTS9N;
				GENERATE_INFOPLIST_FILE = YES;
				INFOPLIST_FILE = DaySnapWidget/Info.plist;
				INFOPLIST_KEY_CFBundleDisplayName = DaySnapWidget;
				INFOPLIST_KEY_NSHumanReadableCopyright = "";
				IPHONEOS_DEPLOYMENT_TARGET = 16.4;
				LD_RUNPATH_SEARCH_PATHS = (
					"$(inherited)",
					"@executable_path/Frameworks",
					"@executable_path/../../Frameworks",
				);
				MARKETING_VERSION = 1.0.4;
				PRODUCT_BUNDLE_IDENTIFIER = com.DoubleShy0N.DaySnap.DaySnapWidget;
				PRODUCT_NAME = "$(TARGET_NAME)";
				SKIP_INSTALL = YES;
				SWIFT_EMIT_LOC_STRINGS = YES;
				SWIFT_VERSION = 5.0;
				TARGETED_DEVICE_FAMILY = "1,2";
			};
			name = Release;
		};
/* End XCBuildConfiguration section */

/* Begin XCConfigurationList section */
		79BAC0C129BC5221006822B9 /* Build configuration list for PBXProject "DaySnap" */ = {
			isa = XCConfigurationList;
			buildConfigurations = (
				79BAC0D229BC5222006822B9 /* Debug */,
				79BAC0D329BC5222006822B9 /* Release */,
			);
			defaultConfigurationIsVisible = 0;
			defaultConfigurationName = Release;
		};
		79BAC0D429BC5222006822B9 /* Build configuration list for PBXNativeTarget "DaySnap" */ = {
			isa = XCConfigurationList;
			buildConfigurations = (
				79BAC0D529BC5222006822B9 /* Debug */,
				79BAC0D629BC5222006822B9 /* Release */,
			);
			defaultConfigurationIsVisible = 0;
			defaultConfigurationName = Release;
		};
		79BD2C5129DABCDB0026F1F2 /* Build configuration list for PBXNativeTarget "DaySnapWidgetExtension" */ = {
			isa = XCConfigurationList;
			buildConfigurations = (
				79BD2C4F29DABCDB0026F1F2 /* Debug */,
				79BD2C5029DABCDB0026F1F2 /* Release */,
			);
			defaultConfigurationIsVisible = 0;
			defaultConfigurationName = Release;
		};
/* End XCConfigurationList section */

/* Begin XCRemoteSwiftPackageReference section */
		79641DB629E97C8300D2642F /* XCRemoteSwiftPackageReference "purchases-ios" */ = {
			isa = XCRemoteSwiftPackageReference;
			repositoryURL = "https://github.com/RevenueCat/purchases-ios.git";
			requirement = {
				kind = upToNextMajorVersion;
				minimumVersion = 4.0.0;
			};
		};
/* End XCRemoteSwiftPackageReference section */

/* Begin XCSwiftPackageProductDependency section */
		79641DB729E97C8300D2642F /* RevenueCat */ = {
			isa = XCSwiftPackageProductDependency;
			package = 79641DB629E97C8300D2642F /* XCRemoteSwiftPackageReference "purchases-ios" */;
			productName = RevenueCat;
		};
/* End XCSwiftPackageProductDependency section */

/* Begin XCVersionGroup section */
		792002BB29ED1064001F9C6E /* DaySnap.xcdatamodeld */ = {
			isa = XCVersionGroup;
			children = (
				792002BC29ED1064001F9C6E /* DaySnap.xcdatamodel */,
			);
			currentVersion = 792002BC29ED1064001F9C6E /* DaySnap.xcdatamodel */;
			path = DaySnap.xcdatamodeld;
			sourceTree = "<group>";
			versionGroupType = wrapper.xcdatamodel;
		};
/* End XCVersionGroup section */
	};
	rootObject = 79BAC0BE29BC5221006822B9 /* Project object */;
}
