// !$*UTF8*$!
{
	archiveVersion = 1;
	classes = {
	};
	objectVersion = 56;
	objects = {

/* Begin PBXBuildFile section */
		79278CE1294C449F00C376C7 /* NewTweetView.swift in Sources */ = {isa = PBXBuildFile; fileRef = 79278CE0294C449F00C376C7 /* NewTweetView.swift */; };
		79278CE3294C46BE00C376C7 /* TextArea.swift in Sources */ = {isa = PBXBuildFile; fileRef = 79278CE2294C46BE00C376C7 /* TextArea.swift */; };
		79426C952949FD33007AEAE7 /* TwitterCloneApp.swift in Sources */ = {isa = PBXBuildFile; fileRef = 79426C942949FD33007AEAE7 /* TwitterCloneApp.swift */; };
		79426C972949FD33007AEAE7 /* ContentView.swift in Sources */ = {isa = PBXBuildFile; fileRef = 79426C962949FD33007AEAE7 /* ContentView.swift */; };
		79426C992949FD35007AEAE7 /* Assets.xcassets in Resources */ = {isa = PBXBuildFile; fileRef = 79426C982949FD35007AEAE7 /* Assets.xcassets */; };
		79426C9C2949FD35007AEAE7 /* Preview Assets.xcassets in Resources */ = {isa = PBXBuildFile; fileRef = 79426C9B2949FD35007AEAE7 /* Preview Assets.xcassets */; };
		79426CAB2949FE79007AEAE7 /* FeedView.swift in Sources */ = {isa = PBXBuildFile; fileRef = 79426CAA2949FE79007AEAE7 /* FeedView.swift */; };
		79426CAE2949FEF8007AEAE7 /* TweetRowView.swift in Sources */ = {isa = PBXBuildFile; fileRef = 79426CAD2949FEF8007AEAE7 /* TweetRowView.swift */; };
		79426CB1294A013F007AEAE7 /* MainTabView.swift in Sources */ = {isa = PBXBuildFile; fileRef = 79426CB0294A013F007AEAE7 /* MainTabView.swift */; };
		79426CB8294A01FA007AEAE7 /* ExploreView.swift in Sources */ = {isa = PBXBuildFile; fileRef = 79426CB7294A01FA007AEAE7 /* ExploreView.swift */; };
		79426CBA294A020A007AEAE7 /* NotificationsView.swift in Sources */ = {isa = PBXBuildFile; fileRef = 79426CB9294A020A007AEAE7 /* NotificationsView.swift */; };
		79426CBC294A0219007AEAE7 /* MessagesView.swift in Sources */ = {isa = PBXBuildFile; fileRef = 79426CBB294A0219007AEAE7 /* MessagesView.swift */; };
		79426CC0294A0496007AEAE7 /* ProfileView.swift in Sources */ = {isa = PBXBuildFile; fileRef = 79426CBF294A0496007AEAE7 /* ProfileView.swift */; };
		79426CC2294A0B45007AEAE7 /* TweetFilterViewModel.swift in Sources */ = {isa = PBXBuildFile; fileRef = 79426CC1294A0B45007AEAE7 /* TweetFilterViewModel.swift */; };
		7956E916294B42DD007D1828 /* UserRowView.swift in Sources */ = {isa = PBXBuildFile; fileRef = 7956E915294B42DD007D1828 /* UserRowView.swift */; };
		7956E91B294B4588007D1828 /* SideMenuView.swift in Sources */ = {isa = PBXBuildFile; fileRef = 7956E91A294B4588007D1828 /* SideMenuView.swift */; };
		7956E91D294B4595007D1828 /* SideMenuRowView.swift in Sources */ = {isa = PBXBuildFile; fileRef = 7956E91C294B4595007D1828 /* SideMenuRowView.swift */; };
		7956E91F294B45A3007D1828 /* SideMenuViewModel.swift in Sources */ = {isa = PBXBuildFile; fileRef = 7956E91E294B45A3007D1828 /* SideMenuViewModel.swift */; };
		7956E921294B4777007D1828 /* UserStatsView.swift in Sources */ = {isa = PBXBuildFile; fileRef = 7956E920294B4777007D1828 /* UserStatsView.swift */; };
		79ABEB95294EEDD700976C98 /* AuthHeaderView.swift in Sources */ = {isa = PBXBuildFile; fileRef = 79ABEB94294EEDD700976C98 /* AuthHeaderView.swift */; };
		79E8E3C2294C4F1E005444AD /* LoginView.swift in Sources */ = {isa = PBXBuildFile; fileRef = 79E8E3C1294C4F1E005444AD /* LoginView.swift */; };
		79E8E3C4294C4F49005444AD /* RegisterationView.swift in Sources */ = {isa = PBXBuildFile; fileRef = 79E8E3C3294C4F49005444AD /* RegisterationView.swift */; };
		79E8E3C6294C5217005444AD /* RoundedShape.swift in Sources */ = {isa = PBXBuildFile; fileRef = 79E8E3C5294C5217005444AD /* RoundedShape.swift */; };
		79E8E3C8294C57A3005444AD /* CustomInputView.swift in Sources */ = {isa = PBXBuildFile; fileRef = 79E8E3C7294C57A3005444AD /* CustomInputView.swift */; };
/* End PBXBuildFile section */

/* Begin PBXFileReference section */
		79278CE0294C449F00C376C7 /* NewTweetView.swift */ = {isa = PBXFileReference; lastKnownFileType = sourcecode.swift; path = NewTweetView.swift; sourceTree = "<group>"; };
		79278CE2294C46BE00C376C7 /* TextArea.swift */ = {isa = PBXFileReference; lastKnownFileType = sourcecode.swift; path = TextArea.swift; sourceTree = "<group>"; };
		79426C912949FD33007AEAE7 /* TwitterClone.app */ = {isa = PBXFileReference; explicitFileType = wrapper.application; includeInIndex = 0; path = TwitterClone.app; sourceTree = BUILT_PRODUCTS_DIR; };
		79426C942949FD33007AEAE7 /* TwitterCloneApp.swift */ = {isa = PBXFileReference; lastKnownFileType = sourcecode.swift; path = TwitterCloneApp.swift; sourceTree = "<group>"; };
		79426C962949FD33007AEAE7 /* ContentView.swift */ = {isa = PBXFileReference; lastKnownFileType = sourcecode.swift; path = ContentView.swift; sourceTree = "<group>"; };
		79426C982949FD35007AEAE7 /* Assets.xcassets */ = {isa = PBXFileReference; lastKnownFileType = folder.assetcatalog; path = Assets.xcassets; sourceTree = "<group>"; };
		79426C9B2949FD35007AEAE7 /* Preview Assets.xcassets */ = {isa = PBXFileReference; lastKnownFileType = folder.assetcatalog; path = "Preview Assets.xcassets"; sourceTree = "<group>"; };
		79426CAA2949FE79007AEAE7 /* FeedView.swift */ = {isa = PBXFileReference; lastKnownFileType = sourcecode.swift; path = FeedView.swift; sourceTree = "<group>"; };
		79426CAD2949FEF8007AEAE7 /* TweetRowView.swift */ = {isa = PBXFileReference; lastKnownFileType = sourcecode.swift; path = TweetRowView.swift; sourceTree = "<group>"; };
		79426CB0294A013F007AEAE7 /* MainTabView.swift */ = {isa = PBXFileReference; lastKnownFileType = sourcecode.swift; path = MainTabView.swift; sourceTree = "<group>"; };
		79426CB7294A01FA007AEAE7 /* ExploreView.swift */ = {isa = PBXFileReference; lastKnownFileType = sourcecode.swift; path = ExploreView.swift; sourceTree = "<group>"; };
		79426CB9294A020A007AEAE7 /* NotificationsView.swift */ = {isa = PBXFileReference; lastKnownFileType = sourcecode.swift; path = NotificationsView.swift; sourceTree = "<group>"; };
		79426CBB294A0219007AEAE7 /* MessagesView.swift */ = {isa = PBXFileReference; lastKnownFileType = sourcecode.swift; path = MessagesView.swift; sourceTree = "<group>"; };
		79426CBF294A0496007AEAE7 /* ProfileView.swift */ = {isa = PBXFileReference; lastKnownFileType = sourcecode.swift; path = ProfileView.swift; sourceTree = "<group>"; };
		79426CC1294A0B45007AEAE7 /* TweetFilterViewModel.swift */ = {isa = PBXFileReference; lastKnownFileType = sourcecode.swift; path = TweetFilterViewModel.swift; sourceTree = "<group>"; };
		7956E915294B42DD007D1828 /* UserRowView.swift */ = {isa = PBXFileReference; lastKnownFileType = sourcecode.swift; path = UserRowView.swift; sourceTree = "<group>"; };
		7956E91A294B4588007D1828 /* SideMenuView.swift */ = {isa = PBXFileReference; lastKnownFileType = sourcecode.swift; path = SideMenuView.swift; sourceTree = "<group>"; };
		7956E91C294B4595007D1828 /* SideMenuRowView.swift */ = {isa = PBXFileReference; lastKnownFileType = sourcecode.swift; path = SideMenuRowView.swift; sourceTree = "<group>"; };
		7956E91E294B45A3007D1828 /* SideMenuViewModel.swift */ = {isa = PBXFileReference; lastKnownFileType = sourcecode.swift; path = SideMenuViewModel.swift; sourceTree = "<group>"; };
		7956E920294B4777007D1828 /* UserStatsView.swift */ = {isa = PBXFileReference; lastKnownFileType = sourcecode.swift; path = UserStatsView.swift; sourceTree = "<group>"; };
		79ABEB94294EEDD700976C98 /* AuthHeaderView.swift */ = {isa = PBXFileReference; lastKnownFileType = sourcecode.swift; path = AuthHeaderView.swift; sourceTree = "<group>"; };
		79E8E3C1294C4F1E005444AD /* LoginView.swift */ = {isa = PBXFileReference; lastKnownFileType = sourcecode.swift; path = LoginView.swift; sourceTree = "<group>"; };
		79E8E3C3294C4F49005444AD /* RegisterationView.swift */ = {isa = PBXFileReference; lastKnownFileType = sourcecode.swift; path = RegisterationView.swift; sourceTree = "<group>"; };
		79E8E3C5294C5217005444AD /* RoundedShape.swift */ = {isa = PBXFileReference; lastKnownFileType = sourcecode.swift; path = RoundedShape.swift; sourceTree = "<group>"; };
		79E8E3C7294C57A3005444AD /* CustomInputView.swift */ = {isa = PBXFileReference; lastKnownFileType = sourcecode.swift; path = CustomInputView.swift; sourceTree = "<group>"; };
/* End PBXFileReference section */

/* Begin PBXFrameworksBuildPhase section */
		79426C8E2949FD33007AEAE7 /* Frameworks */ = {
			isa = PBXFrameworksBuildPhase;
			buildActionMask = 2147483647;
			files = (
			);
			runOnlyForDeploymentPostprocessing = 0;
		};
/* End PBXFrameworksBuildPhase section */

/* Begin PBXGroup section */
		79278CDD294C446E00C376C7 /* UploadTweet */ = {
			isa = PBXGroup;
			children = (
				79278CDF294C448600C376C7 /* ViewModels */,
				79278CDE294C448100C376C7 /* Views */,
			);
			path = UploadTweet;
			sourceTree = "<group>";
		};
		79278CDE294C448100C376C7 /* Views */ = {
			isa = PBXGroup;
			children = (
				79278CE0294C449F00C376C7 /* NewTweetView.swift */,
			);
			path = Views;
			sourceTree = "<group>";
		};
		79278CDF294C448600C376C7 /* ViewModels */ = {
			isa = PBXGroup;
			children = (
			);
			path = ViewModels;
			sourceTree = "<group>";
		};
		79426C882949FD33007AEAE7 = {
			isa = PBXGroup;
			children = (
				79426C932949FD33007AEAE7 /* TwitterClone */,
				79426C922949FD33007AEAE7 /* Products */,
			);
			sourceTree = "<group>";
		};
		79426C922949FD33007AEAE7 /* Products */ = {
			isa = PBXGroup;
			children = (
				79426C912949FD33007AEAE7 /* TwitterClone.app */,
			);
			name = Products;
			sourceTree = "<group>";
		};
		79426C932949FD33007AEAE7 /* TwitterClone */ = {
			isa = PBXGroup;
			children = (
				79426CA52949FE41007AEAE7 /* Extensions */,
				79426CA42949FE3D007AEAE7 /* Model */,
				79426CA32949FE36007AEAE7 /* Service */,
				79426CA22949FE2F007AEAE7 /* Core */,
				79426C942949FD33007AEAE7 /* TwitterCloneApp.swift */,
				79426C962949FD33007AEAE7 /* ContentView.swift */,
				79426C982949FD35007AEAE7 /* Assets.xcassets */,
				79426C9A2949FD35007AEAE7 /* Preview Content */,
			);
			path = TwitterClone;
			sourceTree = "<group>";
		};
		79426C9A2949FD35007AEAE7 /* Preview Content */ = {
			isa = PBXGroup;
			children = (
				79426C9B2949FD35007AEAE7 /* Preview Assets.xcassets */,
			);
			path = "Preview Content";
			sourceTree = "<group>";
		};
		79426CA22949FE2F007AEAE7 /* Core */ = {
			isa = PBXGroup;
			children = (
				79426CA72949FE5D007AEAE7 /* Components */,
				79E8E3BE294C4EFF005444AD /* Authentication */,
				79278CDD294C446E00C376C7 /* UploadTweet */,
				7956E917294B456C007D1828 /* SideMenu */,
				79426CB6294A01E4007AEAE7 /* Profile */,
				79426CB4294A01BD007AEAE7 /* Explore */,
				79426CB3294A01BB007AEAE7 /* Notifications */,
				79426CB2294A01B9007AEAE7 /* Messages */,
				79426CAF294A0130007AEAE7 /* MainTab */,
				79426CA62949FE57007AEAE7 /* Feed */,
			);
			path = Core;
			sourceTree = "<group>";
		};
		79426CA32949FE36007AEAE7 /* Service */ = {
			isa = PBXGroup;
			children = (
			);
			path = Service;
			sourceTree = "<group>";
		};
		79426CA42949FE3D007AEAE7 /* Model */ = {
			isa = PBXGroup;
			children = (
			);
			path = Model;
			sourceTree = "<group>";
		};
		79426CA52949FE41007AEAE7 /* Extensions */ = {
			isa = PBXGroup;
			children = (
			);
			path = Extensions;
			sourceTree = "<group>";
		};
		79426CA62949FE57007AEAE7 /* Feed */ = {
			isa = PBXGroup;
			children = (
				79426CA92949FE6A007AEAE7 /* ViewModels */,
				79426CA82949FE66007AEAE7 /* View */,
			);
			path = Feed;
			sourceTree = "<group>";
		};
		79426CA72949FE5D007AEAE7 /* Components */ = {
			isa = PBXGroup;
			children = (
				79ABEB93294EEDC900976C98 /* Authentication */,
				7956E914294B42CC007D1828 /* Users */,
				79426CAC2949FEEB007AEAE7 /* Tweets */,
				79278CE2294C46BE00C376C7 /* TextArea.swift */,
				79E8E3C5294C5217005444AD /* RoundedShape.swift */,
				79E8E3C7294C57A3005444AD /* CustomInputView.swift */,
			);
			path = Components;
			sourceTree = "<group>";
		};
		79426CA82949FE66007AEAE7 /* View */ = {
			isa = PBXGroup;
			children = (
				79426CAA2949FE79007AEAE7 /* FeedView.swift */,
			);
			path = View;
			sourceTree = "<group>";
		};
		79426CA92949FE6A007AEAE7 /* ViewModels */ = {
			isa = PBXGroup;
			children = (
			);
			path = ViewModels;
			sourceTree = "<group>";
		};
		79426CAC2949FEEB007AEAE7 /* Tweets */ = {
			isa = PBXGroup;
			children = (
				79426CAD2949FEF8007AEAE7 /* TweetRowView.swift */,
			);
			path = Tweets;
			sourceTree = "<group>";
		};
		79426CAF294A0130007AEAE7 /* MainTab */ = {
			isa = PBXGroup;
			children = (
				79426CB0294A013F007AEAE7 /* MainTabView.swift */,
			);
			path = MainTab;
			sourceTree = "<group>";
		};
		79426CB2294A01B9007AEAE7 /* Messages */ = {
			isa = PBXGroup;
			children = (
				79426CBB294A0219007AEAE7 /* MessagesView.swift */,
			);
			path = Messages;
			sourceTree = "<group>";
		};
		79426CB3294A01BB007AEAE7 /* Notifications */ = {
			isa = PBXGroup;
			children = (
				79426CB9294A020A007AEAE7 /* NotificationsView.swift */,
			);
			path = Notifications;
			sourceTree = "<group>";
		};
		79426CB4294A01BD007AEAE7 /* Explore */ = {
			isa = PBXGroup;
			children = (
				7956E913294B42BD007D1828 /* ViewsModel */,
				7956E912294B42BA007D1828 /* Views */,
			);
			path = Explore;
			sourceTree = "<group>";
		};
		79426CB6294A01E4007AEAE7 /* Profile */ = {
			isa = PBXGroup;
			children = (
				79426CBE294A038F007AEAE7 /* ViewModels */,
				79426CBD294A038A007AEAE7 /* Views */,
			);
			path = Profile;
			sourceTree = "<group>";
		};
		79426CBD294A038A007AEAE7 /* Views */ = {
			isa = PBXGroup;
			children = (
				79426CBF294A0496007AEAE7 /* ProfileView.swift */,
			);
			path = Views;
			sourceTree = "<group>";
		};
		79426CBE294A038F007AEAE7 /* ViewModels */ = {
			isa = PBXGroup;
			children = (
				79426CC1294A0B45007AEAE7 /* TweetFilterViewModel.swift */,
			);
			path = ViewModels;
			sourceTree = "<group>";
		};
		7956E912294B42BA007D1828 /* Views */ = {
			isa = PBXGroup;
			children = (
				79426CB7294A01FA007AEAE7 /* ExploreView.swift */,
			);
			path = Views;
			sourceTree = "<group>";
		};
		7956E913294B42BD007D1828 /* ViewsModel */ = {
			isa = PBXGroup;
			children = (
			);
			path = ViewsModel;
			sourceTree = "<group>";
		};
		7956E914294B42CC007D1828 /* Users */ = {
			isa = PBXGroup;
			children = (
				7956E915294B42DD007D1828 /* UserRowView.swift */,
				7956E920294B4777007D1828 /* UserStatsView.swift */,
			);
			path = Users;
			sourceTree = "<group>";
		};
		7956E917294B456C007D1828 /* SideMenu */ = {
			isa = PBXGroup;
			children = (
				7956E919294B4579007D1828 /* ViewsModel */,
				7956E918294B4575007D1828 /* Views */,
			);
			path = SideMenu;
			sourceTree = "<group>";
		};
		7956E918294B4575007D1828 /* Views */ = {
			isa = PBXGroup;
			children = (
				7956E91A294B4588007D1828 /* SideMenuView.swift */,
				7956E91C294B4595007D1828 /* SideMenuRowView.swift */,
			);
			path = Views;
			sourceTree = "<group>";
		};
		7956E919294B4579007D1828 /* ViewsModel */ = {
			isa = PBXGroup;
			children = (
				7956E91E294B45A3007D1828 /* SideMenuViewModel.swift */,
			);
			path = ViewsModel;
			sourceTree = "<group>";
		};
		79ABEB93294EEDC900976C98 /* Authentication */ = {
			isa = PBXGroup;
			children = (
				79ABEB94294EEDD700976C98 /* AuthHeaderView.swift */,
			);
			path = Authentication;
			sourceTree = "<group>";
		};
		79E8E3BE294C4EFF005444AD /* Authentication */ = {
			isa = PBXGroup;
			children = (
				79E8E3C0294C4F0B005444AD /* ViewModels */,
				79E8E3BF294C4F06005444AD /* Views */,
			);
			path = Authentication;
			sourceTree = "<group>";
		};
		79E8E3BF294C4F06005444AD /* Views */ = {
			isa = PBXGroup;
			children = (
				79E8E3C1294C4F1E005444AD /* LoginView.swift */,
				79E8E3C3294C4F49005444AD /* RegisterationView.swift */,
			);
			path = Views;
			sourceTree = "<group>";
		};
		79E8E3C0294C4F0B005444AD /* ViewModels */ = {
			isa = PBXGroup;
			children = (
			);
			path = ViewModels;
			sourceTree = "<group>";
		};
/* End PBXGroup section */

/* Begin PBXNativeTarget section */
		79426C902949FD33007AEAE7 /* TwitterClone */ = {
			isa = PBXNativeTarget;
			buildConfigurationList = 79426C9F2949FD35007AEAE7 /* Build configuration list for PBXNativeTarget "TwitterClone" */;
			buildPhases = (
				79426C8D2949FD33007AEAE7 /* Sources */,
				79426C8E2949FD33007AEAE7 /* Frameworks */,
				79426C8F2949FD33007AEAE7 /* Resources */,
			);
			buildRules = (
			);
			dependencies = (
			);
			name = TwitterClone;
			productName = TwitterClone;
			productReference = 79426C912949FD33007AEAE7 /* TwitterClone.app */;
			productType = "com.apple.product-type.application";
		};
/* End PBXNativeTarget section */

/* Begin PBXProject section */
		79426C892949FD33007AEAE7 /* Project object */ = {
			isa = PBXProject;
			attributes = {
				BuildIndependentTargetsInParallel = 1;
				LastSwiftUpdateCheck = 1420;
				LastUpgradeCheck = 1420;
				TargetAttributes = {
					79426C902949FD33007AEAE7 = {
						CreatedOnToolsVersion = 14.2;
					};
				};
			};
			buildConfigurationList = 79426C8C2949FD33007AEAE7 /* Build configuration list for PBXProject "TwitterClone" */;
			compatibilityVersion = "Xcode 14.0";
			developmentRegion = en;
			hasScannedForEncodings = 0;
			knownRegions = (
				en,
				Base,
			);
			mainGroup = 79426C882949FD33007AEAE7;
			productRefGroup = 79426C922949FD33007AEAE7 /* Products */;
			projectDirPath = "";
			projectRoot = "";
			targets = (
				79426C902949FD33007AEAE7 /* TwitterClone */,
			);
		};
/* End PBXProject section */

/* Begin PBXResourcesBuildPhase section */
		79426C8F2949FD33007AEAE7 /* Resources */ = {
			isa = PBXResourcesBuildPhase;
			buildActionMask = 2147483647;
			files = (
				79426C9C2949FD35007AEAE7 /* Preview Assets.xcassets in Resources */,
				79426C992949FD35007AEAE7 /* Assets.xcassets in Resources */,
			);
			runOnlyForDeploymentPostprocessing = 0;
		};
/* End PBXResourcesBuildPhase section */

/* Begin PBXSourcesBuildPhase section */
		79426C8D2949FD33007AEAE7 /* Sources */ = {
			isa = PBXSourcesBuildPhase;
			buildActionMask = 2147483647;
			files = (
				79426CBC294A0219007AEAE7 /* MessagesView.swift in Sources */,
				79426CC0294A0496007AEAE7 /* ProfileView.swift in Sources */,
				79426C972949FD33007AEAE7 /* ContentView.swift in Sources */,
				79ABEB95294EEDD700976C98 /* AuthHeaderView.swift in Sources */,
				7956E91D294B4595007D1828 /* SideMenuRowView.swift in Sources */,
				79426CAE2949FEF8007AEAE7 /* TweetRowView.swift in Sources */,
				79426CC2294A0B45007AEAE7 /* TweetFilterViewModel.swift in Sources */,
				79426CAB2949FE79007AEAE7 /* FeedView.swift in Sources */,
				7956E91B294B4588007D1828 /* SideMenuView.swift in Sources */,
				79E8E3C4294C4F49005444AD /* RegisterationView.swift in Sources */,
				79426C952949FD33007AEAE7 /* TwitterCloneApp.swift in Sources */,
				79426CB8294A01FA007AEAE7 /* ExploreView.swift in Sources */,
				79278CE3294C46BE00C376C7 /* TextArea.swift in Sources */,
				7956E91F294B45A3007D1828 /* SideMenuViewModel.swift in Sources */,
				79E8E3C2294C4F1E005444AD /* LoginView.swift in Sources */,
				79278CE1294C449F00C376C7 /* NewTweetView.swift in Sources */,
				79E8E3C6294C5217005444AD /* RoundedShape.swift in Sources */,
				7956E916294B42DD007D1828 /* UserRowView.swift in Sources */,
				79426CB1294A013F007AEAE7 /* MainTabView.swift in Sources */,
				79426CBA294A020A007AEAE7 /* NotificationsView.swift in Sources */,
				7956E921294B4777007D1828 /* UserStatsView.swift in Sources */,
				79E8E3C8294C57A3005444AD /* CustomInputView.swift in Sources */,
			);
			runOnlyForDeploymentPostprocessing = 0;
		};
/* End PBXSourcesBuildPhase section */

/* Begin XCBuildConfiguration section */
		79426C9D2949FD35007AEAE7 /* Debug */ = {
			isa = XCBuildConfiguration;
			buildSettings = {
				ALWAYS_SEARCH_USER_PATHS = NO;
				CLANG_ANALYZER_NONNULL = YES;
				CLANG_ANALYZER_NUMBER_OBJECT_CONVERSION = YES_AGGRESSIVE;
				CLANG_CXX_LANGUAGE_STANDARD = "gnu++20";
				CLANG_ENABLE_MODULES = YES;
				CLANG_ENABLE_OBJC_ARC = YES;
				CLANG_ENABLE_OBJC_WEAK = YES;
				CLANG_WARN_BLOCK_CAPTURE_AUTORELEASING = YES;
				CLANG_WARN_BOOL_CONVERSION = YES;
				CLANG_WARN_COMMA = YES;
				CLANG_WARN_CONSTANT_CONVERSION = YES;
				CLANG_WARN_DEPRECATED_OBJC_IMPLEMENTATIONS = YES;
				CLANG_WARN_DIRECT_OBJC_ISA_USAGE = YES_ERROR;
				CLANG_WARN_DOCUMENTATION_COMMENTS = YES;
				CLANG_WARN_EMPTY_BODY = YES;
				CLANG_WARN_ENUM_CONVERSION = YES;
				CLANG_WARN_INFINITE_RECURSION = YES;
				CLANG_WARN_INT_CONVERSION = YES;
				CLANG_WARN_NON_LITERAL_NULL_CONVERSION = YES;
				CLANG_WARN_OBJC_IMPLICIT_RETAIN_SELF = YES;
				CLANG_WARN_OBJC_LITERAL_CONVERSION = YES;
				CLANG_WARN_OBJC_ROOT_CLASS = YES_ERROR;
				CLANG_WARN_QUOTED_INCLUDE_IN_FRAMEWORK_HEADER = YES;
				CLANG_WARN_RANGE_LOOP_ANALYSIS = YES;
				CLANG_WARN_STRICT_PROTOTYPES = YES;
				CLANG_WARN_SUSPICIOUS_MOVE = YES;
				CLANG_WARN_UNGUARDED_AVAILABILITY = YES_AGGRESSIVE;
				CLANG_WARN_UNREACHABLE_CODE = YES;
				CLANG_WARN__DUPLICATE_METHOD_MATCH = YES;
				COPY_PHASE_STRIP = NO;
				DEBUG_INFORMATION_FORMAT = dwarf;
				ENABLE_STRICT_OBJC_MSGSEND = YES;
				ENABLE_TESTABILITY = YES;
				GCC_C_LANGUAGE_STANDARD = gnu11;
				GCC_DYNAMIC_NO_PIC = NO;
				GCC_NO_COMMON_BLOCKS = YES;
				GCC_OPTIMIZATION_LEVEL = 0;
				GCC_PREPROCESSOR_DEFINITIONS = (
					"DEBUG=1",
					"$(inherited)",
				);
				GCC_WARN_64_TO_32_BIT_CONVERSION = YES;
				GCC_WARN_ABOUT_RETURN_TYPE = YES_ERROR;
				GCC_WARN_UNDECLARED_SELECTOR = YES;
				GCC_WARN_UNINITIALIZED_AUTOS = YES_AGGRESSIVE;
				GCC_WARN_UNUSED_FUNCTION = YES;
				GCC_WARN_UNUSED_VARIABLE = YES;
				IPHONEOS_DEPLOYMENT_TARGET = 16.2;
				MTL_ENABLE_DEBUG_INFO = INCLUDE_SOURCE;
				MTL_FAST_MATH = YES;
				ONLY_ACTIVE_ARCH = YES;
				SDKROOT = iphoneos;
				SWIFT_ACTIVE_COMPILATION_CONDITIONS = DEBUG;
				SWIFT_OPTIMIZATION_LEVEL = "-Onone";
			};
			name = Debug;
		};
		79426C9E2949FD35007AEAE7 /* Release */ = {
			isa = XCBuildConfiguration;
			buildSettings = {
				ALWAYS_SEARCH_USER_PATHS = NO;
				CLANG_ANALYZER_NONNULL = YES;
				CLANG_ANALYZER_NUMBER_OBJECT_CONVERSION = YES_AGGRESSIVE;
				CLANG_CXX_LANGUAGE_STANDARD = "gnu++20";
				CLANG_ENABLE_MODULES = YES;
				CLANG_ENABLE_OBJC_ARC = YES;
				CLANG_ENABLE_OBJC_WEAK = YES;
				CLANG_WARN_BLOCK_CAPTURE_AUTORELEASING = YES;
				CLANG_WARN_BOOL_CONVERSION = YES;
				CLANG_WARN_COMMA = YES;
				CLANG_WARN_CONSTANT_CONVERSION = YES;
				CLANG_WARN_DEPRECATED_OBJC_IMPLEMENTATIONS = YES;
				CLANG_WARN_DIRECT_OBJC_ISA_USAGE = YES_ERROR;
				CLANG_WARN_DOCUMENTATION_COMMENTS = YES;
				CLANG_WARN_EMPTY_BODY = YES;
				CLANG_WARN_ENUM_CONVERSION = YES;
				CLANG_WARN_INFINITE_RECURSION = YES;
				CLANG_WARN_INT_CONVERSION = YES;
				CLANG_WARN_NON_LITERAL_NULL_CONVERSION = YES;
				CLANG_WARN_OBJC_IMPLICIT_RETAIN_SELF = YES;
				CLANG_WARN_OBJC_LITERAL_CONVERSION = YES;
				CLANG_WARN_OBJC_ROOT_CLASS = YES_ERROR;
				CLANG_WARN_QUOTED_INCLUDE_IN_FRAMEWORK_HEADER = YES;
				CLANG_WARN_RANGE_LOOP_ANALYSIS = YES;
				CLANG_WARN_STRICT_PROTOTYPES = YES;
				CLANG_WARN_SUSPICIOUS_MOVE = YES;
				CLANG_WARN_UNGUARDED_AVAILABILITY = YES_AGGRESSIVE;
				CLANG_WARN_UNREACHABLE_CODE = YES;
				CLANG_WARN__DUPLICATE_METHOD_MATCH = YES;
				COPY_PHASE_STRIP = NO;
				DEBUG_INFORMATION_FORMAT = "dwarf-with-dsym";
				ENABLE_NS_ASSERTIONS = NO;
				ENABLE_STRICT_OBJC_MSGSEND = YES;
				GCC_C_LANGUAGE_STANDARD = gnu11;
				GCC_NO_COMMON_BLOCKS = YES;
				GCC_WARN_64_TO_32_BIT_CONVERSION = YES;
				GCC_WARN_ABOUT_RETURN_TYPE = YES_ERROR;
				GCC_WARN_UNDECLARED_SELECTOR = YES;
				GCC_WARN_UNINITIALIZED_AUTOS = YES_AGGRESSIVE;
				GCC_WARN_UNUSED_FUNCTION = YES;
				GCC_WARN_UNUSED_VARIABLE = YES;
				IPHONEOS_DEPLOYMENT_TARGET = 16.2;
				MTL_ENABLE_DEBUG_INFO = NO;
				MTL_FAST_MATH = YES;
				SDKROOT = iphoneos;
				SWIFT_COMPILATION_MODE = wholemodule;
				SWIFT_OPTIMIZATION_LEVEL = "-O";
				VALIDATE_PRODUCT = YES;
			};
			name = Release;
		};
		79426CA02949FD35007AEAE7 /* Debug */ = {
			isa = XCBuildConfiguration;
			buildSettings = {
				ASSETCATALOG_COMPILER_APPICON_NAME = AppIcon;
				ASSETCATALOG_COMPILER_GLOBAL_ACCENT_COLOR_NAME = AccentColor;
				CODE_SIGN_STYLE = Automatic;
				CURRENT_PROJECT_VERSION = 1;
				DEVELOPMENT_ASSET_PATHS = "\"TwitterClone/Preview Content\"";
				DEVELOPMENT_TEAM = C33N6HTS9N;
				ENABLE_PREVIEWS = YES;
				GENERATE_INFOPLIST_FILE = YES;
				INFOPLIST_KEY_UIApplicationSceneManifest_Generation = YES;
				INFOPLIST_KEY_UIApplicationSupportsIndirectInputEvents = YES;
				INFOPLIST_KEY_UILaunchScreen_Generation = YES;
				INFOPLIST_KEY_UISupportedInterfaceOrientations = UIInterfaceOrientationPortrait;
				INFOPLIST_KEY_UISupportedInterfaceOrientations_iPad = "UIInterfaceOrientationLandscapeLeft UIInterfaceOrientationLandscapeRight UIInterfaceOrientationPortrait UIInterfaceOrientationPortraitUpsideDown";
				LD_RUNPATH_SEARCH_PATHS = (
					"$(inherited)",
					"@executable_path/Frameworks",
				);
				MARKETING_VERSION = 1.0;
				PRODUCT_BUNDLE_IDENTIFIER = com.DoubleShy0N.TwitterClone;
				PRODUCT_NAME = "$(TARGET_NAME)";
				SWIFT_EMIT_LOC_STRINGS = YES;
				SWIFT_VERSION = 5.0;
				TARGETED_DEVICE_FAMILY = "1,2";
			};
			name = Debug;
		};
		79426CA12949FD35007AEAE7 /* Release */ = {
			isa = XCBuildConfiguration;
			buildSettings = {
				ASSETCATALOG_COMPILER_APPICON_NAME = AppIcon;
				ASSETCATALOG_COMPILER_GLOBAL_ACCENT_COLOR_NAME = AccentColor;
				CODE_SIGN_STYLE = Automatic;
				CURRENT_PROJECT_VERSION = 1;
				DEVELOPMENT_ASSET_PATHS = "\"TwitterClone/Preview Content\"";
				DEVELOPMENT_TEAM = C33N6HTS9N;
				ENABLE_PREVIEWS = YES;
				GENERATE_INFOPLIST_FILE = YES;
				INFOPLIST_KEY_UIApplicationSceneManifest_Generation = YES;
				INFOPLIST_KEY_UIApplicationSupportsIndirectInputEvents = YES;
				INFOPLIST_KEY_UILaunchScreen_Generation = YES;
				INFOPLIST_KEY_UISupportedInterfaceOrientations = UIInterfaceOrientationPortrait;
				INFOPLIST_KEY_UISupportedInterfaceOrientations_iPad = "UIInterfaceOrientationLandscapeLeft UIInterfaceOrientationLandscapeRight UIInterfaceOrientationPortrait UIInterfaceOrientationPortraitUpsideDown";
				LD_RUNPATH_SEARCH_PATHS = (
					"$(inherited)",
					"@executable_path/Frameworks",
				);
				MARKETING_VERSION = 1.0;
				PRODUCT_BUNDLE_IDENTIFIER = com.DoubleShy0N.TwitterClone;
				PRODUCT_NAME = "$(TARGET_NAME)";
				SWIFT_EMIT_LOC_STRINGS = YES;
				SWIFT_VERSION = 5.0;
				TARGETED_DEVICE_FAMILY = "1,2";
			};
			name = Release;
		};
/* End XCBuildConfiguration section */

/* Begin XCConfigurationList section */
		79426C8C2949FD33007AEAE7 /* Build configuration list for PBXProject "TwitterClone" */ = {
			isa = XCConfigurationList;
			buildConfigurations = (
				79426C9D2949FD35007AEAE7 /* Debug */,
				79426C9E2949FD35007AEAE7 /* Release */,
			);
			defaultConfigurationIsVisible = 0;
			defaultConfigurationName = Release;
		};
		79426C9F2949FD35007AEAE7 /* Build configuration list for PBXNativeTarget "TwitterClone" */ = {
			isa = XCConfigurationList;
			buildConfigurations = (
				79426CA02949FD35007AEAE7 /* Debug */,
				79426CA12949FD35007AEAE7 /* Release */,
			);
			defaultConfigurationIsVisible = 0;
			defaultConfigurationName = Release;
		};
/* End XCConfigurationList section */
	};
	rootObject = 79426C892949FD33007AEAE7 /* Project object */;
}
